// !$*UTF8*$!
{
	archiveVersion = 1;
	classes = {
	};
	objectVersion = 77;
	objects = {

/* Begin PBXCopyFilesBuildPhase section */
		9DDE07F12DA578520022E5F2 /* CopyFiles */ = {
			isa = PBXCopyFilesBuildPhase;
			buildActionMask = 2147483647;
			dstPath = /usr/share/man/man1/;
			dstSubfolderSpec = 0;
			files = (
			);
			runOnlyForDeploymentPostprocessing = 1;
		};
		9DDE08522DA62E830022E5F2 /* CopyFiles */ = {
			isa = PBXCopyFilesBuildPhase;
			buildActionMask = 2147483647;
			dstPath = /usr/share/man/man1/;
			dstSubfolderSpec = 0;
			files = (
			);
			runOnlyForDeploymentPostprocessing = 1;
		};
		9DDE087F2DA652750022E5F2 /* CopyFiles */ = {
			isa = PBXCopyFilesBuildPhase;
			buildActionMask = 2147483647;
			dstPath = /usr/share/man/man1/;
			dstSubfolderSpec = 0;
			files = (
			);
			runOnlyForDeploymentPostprocessing = 1;
		};
		9DDE08E92DA77B7E0022E5F2 /* CopyFiles */ = {
			isa = PBXCopyFilesBuildPhase;
			buildActionMask = 2147483647;
			dstPath = /usr/share/man/man1/;
			dstSubfolderSpec = 0;
			files = (
			);
			runOnlyForDeploymentPostprocessing = 1;
		};
		9DDE09302DA790FF0022E5F2 /* CopyFiles */ = {
			isa = PBXCopyFilesBuildPhase;
			buildActionMask = 2147483647;
			dstPath = /usr/share/man/man1/;
			dstSubfolderSpec = 0;
			files = (
			);
			runOnlyForDeploymentPostprocessing = 1;
		};
/* End PBXCopyFilesBuildPhase section */

/* Begin PBXFileReference section */
		9DDE07F32DA578520022E5F2 /* AbstractFactory */ = {isa = PBXFileReference; explicitFileType = "compiled.mach-o.executable"; includeInIndex = 0; path = AbstractFactory; sourceTree = BUILT_PRODUCTS_DIR; };
		9DDE08542DA62E830022E5F2 /* Builder */ = {isa = PBXFileReference; explicitFileType = "compiled.mach-o.executable"; includeInIndex = 0; path = Builder; sourceTree = BUILT_PRODUCTS_DIR; };
		9DDE08812DA652750022E5F2 /* FactoryMethod */ = {isa = PBXFileReference; explicitFileType = "compiled.mach-o.executable"; includeInIndex = 0; path = FactoryMethod; sourceTree = BUILT_PRODUCTS_DIR; };
		9DDE08EB2DA77B7E0022E5F2 /* Prototype */ = {isa = PBXFileReference; explicitFileType = "compiled.mach-o.executable"; includeInIndex = 0; path = Prototype; sourceTree = BUILT_PRODUCTS_DIR; };
		9DDE09322DA790FF0022E5F2 /* Singleton */ = {isa = PBXFileReference; explicitFileType = "compiled.mach-o.executable"; includeInIndex = 0; path = Singleton; sourceTree = BUILT_PRODUCTS_DIR; };
/* End PBXFileReference section */

/* Begin PBXFileSystemSynchronizedBuildFileExceptionSet section */
		9DDE08122DA578670022E5F2 /* Exceptions for "AbstractFactory" folder in "AbstractFactory" target */ = {
			isa = PBXFileSystemSynchronizedBuildFileExceptionSet;
			membershipExceptions = (
				Concretes/GrayKit/GrayKit.swift,
				Concretes/GreenKit/GreenKit.swift,
				Direction.swift,
				Door.swift,
				main.swift,
				MazeGame.swift,
				Room.swift,
				Wall.swift,
			);
			target = 9DDE07F22DA578520022E5F2 /* AbstractFactory */;
		};
/* End PBXFileSystemSynchronizedBuildFileExceptionSet section */

/* Begin PBXFileSystemSynchronizedRootGroup section */
		9DDE07E32DA5781C0022E5F2 /* AbstractFactory */ = {
			isa = PBXFileSystemSynchronizedRootGroup;
			exceptions = (
				9DDE08122DA578670022E5F2 /* Exceptions for "AbstractFactory" folder in "AbstractFactory" target */,
			);
			path = AbstractFactory;
			sourceTree = "<group>";
		};
		9DDE08552DA62E830022E5F2 /* Builder */ = {
			isa = PBXFileSystemSynchronizedRootGroup;
			path = Builder;
			sourceTree = "<group>";
		};
		9DDE08822DA652750022E5F2 /* FactoryMethod */ = {
			isa = PBXFileSystemSynchronizedRootGroup;
			path = FactoryMethod;
			sourceTree = "<group>";
		};
		9DDE08EC2DA77B7E0022E5F2 /* Prototype */ = {
			isa = PBXFileSystemSynchronizedRootGroup;
			path = Prototype;
			sourceTree = "<group>";
		};
		9DDE09332DA790FF0022E5F2 /* Singleton */ = {
			isa = PBXFileSystemSynchronizedRootGroup;
			path = Singleton;
			sourceTree = "<group>";
		};
/* End PBXFileSystemSynchronizedRootGroup section */

/* Begin PBXFrameworksBuildPhase section */
		9DDE07F02DA578520022E5F2 /* Frameworks */ = {
			isa = PBXFrameworksBuildPhase;
			buildActionMask = 2147483647;
			files = (
			);
			runOnlyForDeploymentPostprocessing = 0;
		};
		9DDE08512DA62E830022E5F2 /* Frameworks */ = {
			isa = PBXFrameworksBuildPhase;
			buildActionMask = 2147483647;
			files = (
			);
			runOnlyForDeploymentPostprocessing = 0;
		};
		9DDE087E2DA652750022E5F2 /* Frameworks */ = {
			isa = PBXFrameworksBuildPhase;
			buildActionMask = 2147483647;
			files = (
			);
			runOnlyForDeploymentPostprocessing = 0;
		};
		9DDE08E82DA77B7E0022E5F2 /* Frameworks */ = {
			isa = PBXFrameworksBuildPhase;
			buildActionMask = 2147483647;
			files = (
			);
			runOnlyForDeploymentPostprocessing = 0;
		};
		9DDE092F2DA790FF0022E5F2 /* Frameworks */ = {
			isa = PBXFrameworksBuildPhase;
			buildActionMask = 2147483647;
			files = (
			);
			runOnlyForDeploymentPostprocessing = 0;
		};
/* End PBXFrameworksBuildPhase section */

/* Begin PBXGroup section */
		9DDE07B62DA569DF0022E5F2 = {
			isa = PBXGroup;
			children = (
				9DDE07E32DA5781C0022E5F2 /* AbstractFactory */,
				9DDE08552DA62E830022E5F2 /* Builder */,
				9DDE08822DA652750022E5F2 /* FactoryMethod */,
				9DDE08EC2DA77B7E0022E5F2 /* Prototype */,
				9DDE09332DA790FF0022E5F2 /* Singleton */,
				9DDE07C02DA569DF0022E5F2 /* Products */,
			);
			sourceTree = "<group>";
		};
		9DDE07C02DA569DF0022E5F2 /* Products */ = {
			isa = PBXGroup;
			children = (
				9DDE07F32DA578520022E5F2 /* AbstractFactory */,
				9DDE08542DA62E830022E5F2 /* Builder */,
				9DDE08812DA652750022E5F2 /* FactoryMethod */,
				9DDE08EB2DA77B7E0022E5F2 /* Prototype */,
				9DDE09322DA790FF0022E5F2 /* Singleton */,
			);
			name = Products;
			sourceTree = "<group>";
		};
/* End PBXGroup section */

/* Begin PBXNativeTarget section */
		9DDE07F22DA578520022E5F2 /* AbstractFactory */ = {
			isa = PBXNativeTarget;
			buildConfigurationList = 9DDE07F72DA578520022E5F2 /* Build configuration list for PBXNativeTarget "AbstractFactory" */;
			buildPhases = (
				9DDE07EF2DA578520022E5F2 /* Sources */,
				9DDE07F02DA578520022E5F2 /* Frameworks */,
				9DDE07F12DA578520022E5F2 /* CopyFiles */,
			);
			buildRules = (
			);
			dependencies = (
			);
			name = AbstractFactory;
			packageProductDependencies = (
			);
			productName = AbstractFactory;
			productReference = 9DDE07F32DA578520022E5F2 /* AbstractFactory */;
			productType = "com.apple.product-type.tool";
		};
		9DDE08532DA62E830022E5F2 /* Builder */ = {
			isa = PBXNativeTarget;
			buildConfigurationList = 9DDE085A2DA62E830022E5F2 /* Build configuration list for PBXNativeTarget "Builder" */;
			buildPhases = (
				9DDE08502DA62E830022E5F2 /* Sources */,
				9DDE08512DA62E830022E5F2 /* Frameworks */,
				9DDE08522DA62E830022E5F2 /* CopyFiles */,
			);
			buildRules = (
			);
			dependencies = (
			);
			fileSystemSynchronizedGroups = (
				9DDE08552DA62E830022E5F2 /* Builder */,
			);
			name = Builder;
			packageProductDependencies = (
			);
			productName = Builder;
			productReference = 9DDE08542DA62E830022E5F2 /* Builder */;
			productType = "com.apple.product-type.tool";
		};
		9DDE08802DA652750022E5F2 /* FactoryMethod */ = {
			isa = PBXNativeTarget;
			buildConfigurationList = 9DDE08872DA652750022E5F2 /* Build configuration list for PBXNativeTarget "FactoryMethod" */;
			buildPhases = (
				9DDE087D2DA652750022E5F2 /* Sources */,
				9DDE087E2DA652750022E5F2 /* Frameworks */,
				9DDE087F2DA652750022E5F2 /* CopyFiles */,
			);
			buildRules = (
			);
			dependencies = (
			);
			fileSystemSynchronizedGroups = (
				9DDE08822DA652750022E5F2 /* FactoryMethod */,
			);
			name = FactoryMethod;
			packageProductDependencies = (
			);
			productName = FactoryMethod;
			productReference = 9DDE08812DA652750022E5F2 /* FactoryMethod */;
			productType = "com.apple.product-type.tool";
		};
		9DDE08EA2DA77B7E0022E5F2 /* Prototype */ = {
			isa = PBXNativeTarget;
			buildConfigurationList = 9DDE08F12DA77B7E0022E5F2 /* Build configuration list for PBXNativeTarget "Prototype" */;
			buildPhases = (
				9DDE08E72DA77B7E0022E5F2 /* Sources */,
				9DDE08E82DA77B7E0022E5F2 /* Frameworks */,
				9DDE08E92DA77B7E0022E5F2 /* CopyFiles */,
			);
			buildRules = (
			);
			dependencies = (
			);
			fileSystemSynchronizedGroups = (
				9DDE08EC2DA77B7E0022E5F2 /* Prototype */,
			);
			name = Prototype;
			packageProductDependencies = (
			);
			productName = Prototype;
			productReference = 9DDE08EB2DA77B7E0022E5F2 /* Prototype */;
			productType = "com.apple.product-type.tool";
		};
		9DDE09312DA790FF0022E5F2 /* Singleton */ = {
			isa = PBXNativeTarget;
			buildConfigurationList = 9DDE09382DA790FF0022E5F2 /* Build configuration list for PBXNativeTarget "Singleton" */;
			buildPhases = (
				9DDE092E2DA790FF0022E5F2 /* Sources */,
				9DDE092F2DA790FF0022E5F2 /* Frameworks */,
				9DDE09302DA790FF0022E5F2 /* CopyFiles */,
			);
			buildRules = (
			);
			dependencies = (
			);
			fileSystemSynchronizedGroups = (
				9DDE09332DA790FF0022E5F2 /* Singleton */,
			);
			name = Singleton;
			packageProductDependencies = (
			);
			productName = Singleton;
			productReference = 9DDE09322DA790FF0022E5F2 /* Singleton */;
			productType = "com.apple.product-type.tool";
		};
/* End PBXNativeTarget section */

/* Begin PBXProject section */
		9DDE07B72DA569DF0022E5F2 /* Project object */ = {
			isa = PBXProject;
			attributes = {
				BuildIndependentTargetsInParallel = 1;
				LastSwiftUpdateCheck = 1620;
				LastUpgradeCheck = 1620;
				TargetAttributes = {
					9DDE07F22DA578520022E5F2 = {
						CreatedOnToolsVersion = 16.2;
					};
					9DDE08532DA62E830022E5F2 = {
						CreatedOnToolsVersion = 16.2;
					};
					9DDE08802DA652750022E5F2 = {
						CreatedOnToolsVersion = 16.2;
					};
					9DDE08EA2DA77B7E0022E5F2 = {
						CreatedOnToolsVersion = 16.2;
					};
					9DDE09312DA790FF0022E5F2 = {
						CreatedOnToolsVersion = 16.2;
					};
				};
			};
			buildConfigurationList = 9DDE07BA2DA569DF0022E5F2 /* Build configuration list for PBXProject "DSPs" */;
			developmentRegion = en;
			hasScannedForEncodings = 0;
			knownRegions = (
				en,
				Base,
			);
			mainGroup = 9DDE07B62DA569DF0022E5F2;
			minimizedProjectReferenceProxies = 1;
			preferredProjectObjectVersion = 77;
			productRefGroup = 9DDE07C02DA569DF0022E5F2 /* Products */;
			projectDirPath = "";
			projectRoot = "";
			targets = (
				9DDE07F22DA578520022E5F2 /* AbstractFactory */,
				9DDE08532DA62E830022E5F2 /* Builder */,
				9DDE08802DA652750022E5F2 /* FactoryMethod */,
				9DDE08EA2DA77B7E0022E5F2 /* Prototype */,
				9DDE09312DA790FF0022E5F2 /* Singleton */,
			);
		};
/* End PBXProject section */

/* Begin PBXSourcesBuildPhase section */
		9DDE07EF2DA578520022E5F2 /* Sources */ = {
			isa = PBXSourcesBuildPhase;
			buildActionMask = 2147483647;
			files = (
			);
			runOnlyForDeploymentPostprocessing = 0;
		};
		9DDE08502DA62E830022E5F2 /* Sources */ = {
			isa = PBXSourcesBuildPhase;
			buildActionMask = 2147483647;
			files = (
			);
			runOnlyForDeploymentPostprocessing = 0;
		};
		9DDE087D2DA652750022E5F2 /* Sources */ = {
			isa = PBXSourcesBuildPhase;
			buildActionMask = 2147483647;
			files = (
			);
			runOnlyForDeploymentPostprocessing = 0;
		};
		9DDE08E72DA77B7E0022E5F2 /* Sources */ = {
			isa = PBXSourcesBuildPhase;
			buildActionMask = 2147483647;
			files = (
			);
			runOnlyForDeploymentPostprocessing = 0;
		};
		9DDE092E2DA790FF0022E5F2 /* Sources */ = {
			isa = PBXSourcesBuildPhase;
			buildActionMask = 2147483647;
			files = (
			);
			runOnlyForDeploymentPostprocessing = 0;
		};
/* End PBXSourcesBuildPhase section */

/* Begin XCBuildConfiguration section */
		9DDE07C42DA569DF0022E5F2 /* Debug */ = {
			isa = XCBuildConfiguration;
			buildSettings = {
				ALWAYS_SEARCH_USER_PATHS = NO;
				ASSETCATALOG_COMPILER_GENERATE_SWIFT_ASSET_SYMBOL_EXTENSIONS = YES;
				CLANG_ANALYZER_NONNULL = YES;
				CLANG_ANALYZER_NUMBER_OBJECT_CONVERSION = YES_AGGRESSIVE;
				CLANG_CXX_LANGUAGE_STANDARD = "gnu++20";
				CLANG_ENABLE_MODULES = YES;
				CLANG_ENABLE_OBJC_ARC = YES;
				CLANG_ENABLE_OBJC_WEAK = YES;
				CLANG_WARN_BLOCK_CAPTURE_AUTORELEASING = YES;
				CLANG_WARN_BOOL_CONVERSION = YES;
				CLANG_WARN_COMMA = YES;
				CLANG_WARN_CONSTANT_CONVERSION = YES;
				CLANG_WARN_DEPRECATED_OBJC_IMPLEMENTATIONS = YES;
				CLANG_WARN_DIRECT_OBJC_ISA_USAGE = YES_ERROR;
				CLANG_WARN_DOCUMENTATION_COMMENTS = YES;
				CLANG_WARN_EMPTY_BODY = YES;
				CLANG_WARN_ENUM_CONVERSION = YES;
				CLANG_WARN_INFINITE_RECURSION = YES;
				CLANG_WARN_INT_CONVERSION = YES;
				CLANG_WARN_NON_LITERAL_NULL_CONVERSION = YES;
				CLANG_WARN_OBJC_IMPLICIT_RETAIN_SELF = YES;
				CLANG_WARN_OBJC_LITERAL_CONVERSION = YES;
				CLANG_WARN_OBJC_ROOT_CLASS = YES_ERROR;
				CLANG_WARN_QUOTED_INCLUDE_IN_FRAMEWORK_HEADER = YES;
				CLANG_WARN_RANGE_LOOP_ANALYSIS = YES;
				CLANG_WARN_STRICT_PROTOTYPES = YES;
				CLANG_WARN_SUSPICIOUS_MOVE = YES;
				CLANG_WARN_UNGUARDED_AVAILABILITY = YES_AGGRESSIVE;
				CLANG_WARN_UNREACHABLE_CODE = YES;
				CLANG_WARN__DUPLICATE_METHOD_MATCH = YES;
				COPY_PHASE_STRIP = NO;
				DEBUG_INFORMATION_FORMAT = dwarf;
				ENABLE_STRICT_OBJC_MSGSEND = YES;
				ENABLE_TESTABILITY = YES;
				ENABLE_USER_SCRIPT_SANDBOXING = YES;
				GCC_C_LANGUAGE_STANDARD = gnu17;
				GCC_DYNAMIC_NO_PIC = NO;
				GCC_NO_COMMON_BLOCKS = YES;
				GCC_OPTIMIZATION_LEVEL = 0;
				GCC_PREPROCESSOR_DEFINITIONS = (
					"DEBUG=1",
					"$(inherited)",
				);
				GCC_WARN_64_TO_32_BIT_CONVERSION = YES;
				GCC_WARN_ABOUT_RETURN_TYPE = YES_ERROR;
				GCC_WARN_UNDECLARED_SELECTOR = YES;
				GCC_WARN_UNINITIALIZED_AUTOS = YES_AGGRESSIVE;
				GCC_WARN_UNUSED_FUNCTION = YES;
				GCC_WARN_UNUSED_VARIABLE = YES;
				LOCALIZATION_PREFERS_STRING_CATALOGS = YES;
				MACOSX_DEPLOYMENT_TARGET = 14.5;
				MTL_ENABLE_DEBUG_INFO = INCLUDE_SOURCE;
				MTL_FAST_MATH = YES;
				ONLY_ACTIVE_ARCH = YES;
				SDKROOT = macosx;
				SWIFT_ACTIVE_COMPILATION_CONDITIONS = "DEBUG $(inherited)";
				SWIFT_OPTIMIZATION_LEVEL = "-Onone";
			};
			name = Debug;
		};
		9DDE07C52DA569DF0022E5F2 /* Release */ = {
			isa = XCBuildConfiguration;
			buildSettings = {
				ALWAYS_SEARCH_USER_PATHS = NO;
				ASSETCATALOG_COMPILER_GENERATE_SWIFT_ASSET_SYMBOL_EXTENSIONS = YES;
				CLANG_ANALYZER_NONNULL = YES;
				CLANG_ANALYZER_NUMBER_OBJECT_CONVERSION = YES_AGGRESSIVE;
				CLANG_CXX_LANGUAGE_STANDARD = "gnu++20";
				CLANG_ENABLE_MODULES = YES;
				CLANG_ENABLE_OBJC_ARC = YES;
				CLANG_ENABLE_OBJC_WEAK = YES;
				CLANG_WARN_BLOCK_CAPTURE_AUTORELEASING = YES;
				CLANG_WARN_BOOL_CONVERSION = YES;
				CLANG_WARN_COMMA = YES;
				CLANG_WARN_CONSTANT_CONVERSION = YES;
				CLANG_WARN_DEPRECATED_OBJC_IMPLEMENTATIONS = YES;
				CLANG_WARN_DIRECT_OBJC_ISA_USAGE = YES_ERROR;
				CLANG_WARN_DOCUMENTATION_COMMENTS = YES;
				CLANG_WARN_EMPTY_BODY = YES;
				CLANG_WARN_ENUM_CONVERSION = YES;
				CLANG_WARN_INFINITE_RECURSION = YES;
				CLANG_WARN_INT_CONVERSION = YES;
				CLANG_WARN_NON_LITERAL_NULL_CONVERSION = YES;
				CLANG_WARN_OBJC_IMPLICIT_RETAIN_SELF = YES;
				CLANG_WARN_OBJC_LITERAL_CONVERSION = YES;
				CLANG_WARN_OBJC_ROOT_CLASS = YES_ERROR;
				CLANG_WARN_QUOTED_INCLUDE_IN_FRAMEWORK_HEADER = YES;
				CLANG_WARN_RANGE_LOOP_ANALYSIS = YES;
				CLANG_WARN_STRICT_PROTOTYPES = YES;
				CLANG_WARN_SUSPICIOUS_MOVE = YES;
				CLANG_WARN_UNGUARDED_AVAILABILITY = YES_AGGRESSIVE;
				CLANG_WARN_UNREACHABLE_CODE = YES;
				CLANG_WARN__DUPLICATE_METHOD_MATCH = YES;
				COPY_PHASE_STRIP = NO;
				DEBUG_INFORMATION_FORMAT = "dwarf-with-dsym";
				ENABLE_NS_ASSERTIONS = NO;
				ENABLE_STRICT_OBJC_MSGSEND = YES;
				ENABLE_USER_SCRIPT_SANDBOXING = YES;
				GCC_C_LANGUAGE_STANDARD = gnu17;
				GCC_NO_COMMON_BLOCKS = YES;
				GCC_WARN_64_TO_32_BIT_CONVERSION = YES;
				GCC_WARN_ABOUT_RETURN_TYPE = YES_ERROR;
				GCC_WARN_UNDECLARED_SELECTOR = YES;
				GCC_WARN_UNINITIALIZED_AUTOS = YES_AGGRESSIVE;
				GCC_WARN_UNUSED_FUNCTION = YES;
				GCC_WARN_UNUSED_VARIABLE = YES;
				LOCALIZATION_PREFERS_STRING_CATALOGS = YES;
				MACOSX_DEPLOYMENT_TARGET = 14.5;
				MTL_ENABLE_DEBUG_INFO = NO;
				MTL_FAST_MATH = YES;
				SDKROOT = macosx;
				SWIFT_COMPILATION_MODE = wholemodule;
			};
			name = Release;
		};
		9DDE07F82DA578520022E5F2 /* Debug */ = {
			isa = XCBuildConfiguration;
			buildSettings = {
				CODE_SIGN_STYLE = Automatic;
				DEVELOPMENT_TEAM = XHRN62S9RK;
				ENABLE_HARDENED_RUNTIME = YES;
				PRODUCT_NAME = "$(TARGET_NAME)";
				SWIFT_VERSION = 5.0;
			};
			name = Debug;
		};
		9DDE07F92DA578520022E5F2 /* Release */ = {
			isa = XCBuildConfiguration;
			buildSettings = {
				CODE_SIGN_STYLE = Automatic;
				DEVELOPMENT_TEAM = XHRN62S9RK;
				ENABLE_HARDENED_RUNTIME = YES;
				PRODUCT_NAME = "$(TARGET_NAME)";
				SWIFT_VERSION = 5.0;
			};
			name = Release;
		};
		9DDE08582DA62E830022E5F2 /* Debug */ = {
			isa = XCBuildConfiguration;
			buildSettings = {
				CODE_SIGN_STYLE = Automatic;
				DEVELOPMENT_TEAM = XHRN62S9RK;
				ENABLE_HARDENED_RUNTIME = YES;
				PRODUCT_NAME = "$(TARGET_NAME)";
				SWIFT_VERSION = 5.0;
			};
			name = Debug;
		};
		9DDE08592DA62E830022E5F2 /* Release */ = {
			isa = XCBuildConfiguration;
			buildSettings = {
				CODE_SIGN_STYLE = Automatic;
				DEVELOPMENT_TEAM = XHRN62S9RK;
				ENABLE_HARDENED_RUNTIME = YES;
				PRODUCT_NAME = "$(TARGET_NAME)";
				SWIFT_VERSION = 5.0;
			};
			name = Release;
		};
		9DDE08852DA652750022E5F2 /* Debug */ = {
			isa = XCBuildConfiguration;
			buildSettings = {
				CODE_SIGN_STYLE = Automatic;
				DEVELOPMENT_TEAM = XHRN62S9RK;
				ENABLE_HARDENED_RUNTIME = YES;
				PRODUCT_NAME = "$(TARGET_NAME)";
				SWIFT_VERSION = 5.0;
			};
			name = Debug;
		};
		9DDE08862DA652750022E5F2 /* Release */ = {
			isa = XCBuildConfiguration;
			buildSettings = {
				CODE_SIGN_STYLE = Automatic;
				DEVELOPMENT_TEAM = XHRN62S9RK;
				ENABLE_HARDENED_RUNTIME = YES;
				PRODUCT_NAME = "$(TARGET_NAME)";
				SWIFT_VERSION = 5.0;
			};
			name = Release;
		};
		9DDE08EF2DA77B7E0022E5F2 /* Debug */ = {
			isa = XCBuildConfiguration;
			buildSettings = {
				CODE_SIGN_STYLE = Automatic;
				DEVELOPMENT_TEAM = XHRN62S9RK;
				ENABLE_HARDENED_RUNTIME = YES;
				PRODUCT_NAME = "$(TARGET_NAME)";
				SWIFT_VERSION = 5.0;
			};
			name = Debug;
		};
		9DDE08F02DA77B7E0022E5F2 /* Release */ = {
			isa = XCBuildConfiguration;
			buildSettings = {
				CODE_SIGN_STYLE = Automatic;
				DEVELOPMENT_TEAM = XHRN62S9RK;
				ENABLE_HARDENED_RUNTIME = YES;
				PRODUCT_NAME = "$(TARGET_NAME)";
				SWIFT_VERSION = 5.0;
			};
			name = Release;
		};
		9DDE09362DA790FF0022E5F2 /* Debug */ = {
			isa = XCBuildConfiguration;
			buildSettings = {
				CODE_SIGN_STYLE = Automatic;
				DEVELOPMENT_TEAM = XHRN62S9RK;
				ENABLE_HARDENED_RUNTIME = YES;
				PRODUCT_NAME = "$(TARGET_NAME)";
				SWIFT_VERSION = 5.0;
			};
			name = Debug;
		};
		9DDE09372DA790FF0022E5F2 /* Release */ = {
			isa = XCBuildConfiguration;
			buildSettings = {
				CODE_SIGN_STYLE = Automatic;
				DEVELOPMENT_TEAM = XHRN62S9RK;
				ENABLE_HARDENED_RUNTIME = YES;
				PRODUCT_NAME = "$(TARGET_NAME)";
				SWIFT_VERSION = 5.0;
			};
			name = Release;
		};
/* End XCBuildConfiguration section */

/* Begin XCConfigurationList section */
		9DDE07BA2DA569DF0022E5F2 /* Build configuration list for PBXProject "DSPs" */ = {
			isa = XCConfigurationList;
			buildConfigurations = (
				9DDE07C42DA569DF0022E5F2 /* Debug */,
				9DDE07C52DA569DF0022E5F2 /* Release */,
			);
			defaultConfigurationIsVisible = 0;
			defaultConfigurationName = Release;
		};
		9DDE07F72DA578520022E5F2 /* Build configuration list for PBXNativeTarget "AbstractFactory" */ = {
			isa = XCConfigurationList;
			buildConfigurations = (
				9DDE07F82DA578520022E5F2 /* Debug */,
				9DDE07F92DA578520022E5F2 /* Release */,
			);
			defaultConfigurationIsVisible = 0;
			defaultConfigurationName = Release;
		};
		9DDE085A2DA62E830022E5F2 /* Build configuration list for PBXNativeTarget "Builder" */ = {
			isa = XCConfigurationList;
			buildConfigurations = (
				9DDE08582DA62E830022E5F2 /* Debug */,
				9DDE08592DA62E830022E5F2 /* Release */,
			);
			defaultConfigurationIsVisible = 0;
			defaultConfigurationName = Release;
		};
		9DDE08872DA652750022E5F2 /* Build configuration list for PBXNativeTarget "FactoryMethod" */ = {
			isa = XCConfigurationList;
			buildConfigurations = (
				9DDE08852DA652750022E5F2 /* Debug */,
				9DDE08862DA652750022E5F2 /* Release */,
			);
			defaultConfigurationIsVisible = 0;
			defaultConfigurationName = Release;
		};
		9DDE08F12DA77B7E0022E5F2 /* Build configuration list for PBXNativeTarget "Prototype" */ = {
			isa = XCConfigurationList;
			buildConfigurations = (
				9DDE08EF2DA77B7E0022E5F2 /* Debug */,
				9DDE08F02DA77B7E0022E5F2 /* Release */,
			);
			defaultConfigurationIsVisible = 0;
			defaultConfigurationName = Release;
		};
		9DDE09382DA790FF0022E5F2 /* Build configuration list for PBXNativeTarget "Singleton" */ = {
			isa = XCConfigurationList;
			buildConfigurations = (
				9DDE09362DA790FF0022E5F2 /* Debug */,
				9DDE09372DA790FF0022E5F2 /* Release */,
			);
			defaultConfigurationIsVisible = 0;
			defaultConfigurationName = Release;
		};
/* End XCConfigurationList section */
	};
	rootObject = 9DDE07B72DA569DF0022E5F2 /* Project object */;
}
