// !$*UTF8*$!
{
	archiveVersion = 1;
	classes = {
	};
	objectVersion = 77;
	objects = {

/* Begin PBXCopyFilesBuildPhase section */
		9D1A82092DABCB02009F4888 /* CopyFiles */ = {
			isa = PBXCopyFilesBuildPhase;
			buildActionMask = 2147483647;
			dstPath = /usr/share/man/man1/;
			dstSubfolderSpec = 0;
			files = (
			);
			runOnlyForDeploymentPostprocessing = 1;
		};
		9D1A82652DACCD8B009F4888 /* CopyFiles */ = {
			isa = PBXCopyFilesBuildPhase;
			buildActionMask = 2147483647;
			dstPath = /usr/share/man/man1/;
			dstSubfolderSpec = 0;
			files = (
			);
			runOnlyForDeploymentPostprocessing = 1;
		};
		9D1A82B52DACFE2C009F4888 /* CopyFiles */ = {
			isa = PBXCopyFilesBuildPhase;
			buildActionMask = 2147483647;
			dstPath = /usr/share/man/man1/;
			dstSubfolderSpec = 0;
			files = (
			);
			runOnlyForDeploymentPostprocessing = 1;
		};
		9D45A1912DB8A14E003D265C /* CopyFiles */ = {
			isa = PBXCopyFilesBuildPhase;
			buildActionMask = 2147483647;
			dstPath = /usr/share/man/man1/;
			dstSubfolderSpec = 0;
			files = (
			);
			runOnlyForDeploymentPostprocessing = 1;
		};
		9D45A1F42DB8D206003D265C /* CopyFiles */ = {
			isa = PBXCopyFilesBuildPhase;
			buildActionMask = 2147483647;
			dstPath = /usr/share/man/man1/;
			dstSubfolderSpec = 0;
			files = (
			);
			runOnlyForDeploymentPostprocessing = 1;
		};
		9D45A2552DB9FB12003D265C /* CopyFiles */ = {
			isa = PBXCopyFilesBuildPhase;
			buildActionMask = 2147483647;
			dstPath = /usr/share/man/man1/;
			dstSubfolderSpec = 0;
			files = (
			);
			runOnlyForDeploymentPostprocessing = 1;
		};
		9D4D7CB62DBB80F90008CF81 /* CopyFiles */ = {
			isa = PBXCopyFilesBuildPhase;
			buildActionMask = 2147483647;
			dstPath = /usr/share/man/man1/;
			dstSubfolderSpec = 0;
			files = (
			);
			runOnlyForDeploymentPostprocessing = 1;
		};
		9D99D1862DAE3EF000165858 /* CopyFiles */ = {
			isa = PBXCopyFilesBuildPhase;
			buildActionMask = 2147483647;
			dstPath = /usr/share/man/man1/;
			dstSubfolderSpec = 0;
			files = (
			);
			runOnlyForDeploymentPostprocessing = 1;
		};
		9D99D1F52DAFAD8B00165858 /* CopyFiles */ = {
			isa = PBXCopyFilesBuildPhase;
			buildActionMask = 2147483647;
			dstPath = /usr/share/man/man1/;
			dstSubfolderSpec = 0;
			files = (
			);
			runOnlyForDeploymentPostprocessing = 1;
		};
		9DDE07F12DA578520022E5F2 /* CopyFiles */ = {
			isa = PBXCopyFilesBuildPhase;
			buildActionMask = 2147483647;
			dstPath = /usr/share/man/man1/;
			dstSubfolderSpec = 0;
			files = (
			);
			runOnlyForDeploymentPostprocessing = 1;
		};
		9DDE08522DA62E830022E5F2 /* CopyFiles */ = {
			isa = PBXCopyFilesBuildPhase;
			buildActionMask = 2147483647;
			dstPath = /usr/share/man/man1/;
			dstSubfolderSpec = 0;
			files = (
			);
			runOnlyForDeploymentPostprocessing = 1;
		};
		9DDE087F2DA652750022E5F2 /* CopyFiles */ = {
			isa = PBXCopyFilesBuildPhase;
			buildActionMask = 2147483647;
			dstPath = /usr/share/man/man1/;
			dstSubfolderSpec = 0;
			files = (
			);
			runOnlyForDeploymentPostprocessing = 1;
		};
		9DDE08E92DA77B7E0022E5F2 /* CopyFiles */ = {
			isa = PBXCopyFilesBuildPhase;
			buildActionMask = 2147483647;
			dstPath = /usr/share/man/man1/;
			dstSubfolderSpec = 0;
			files = (
			);
			runOnlyForDeploymentPostprocessing = 1;
		};
		9DDE09302DA790FF0022E5F2 /* CopyFiles */ = {
			isa = PBXCopyFilesBuildPhase;
			buildActionMask = 2147483647;
			dstPath = /usr/share/man/man1/;
			dstSubfolderSpec = 0;
			files = (
			);
			runOnlyForDeploymentPostprocessing = 1;
		};
		9DE47E042DBC9DD3000F61BD /* CopyFiles */ = {
			isa = PBXCopyFilesBuildPhase;
			buildActionMask = 2147483647;
			dstPath = /usr/share/man/man1/;
			dstSubfolderSpec = 0;
			files = (
			);
			runOnlyForDeploymentPostprocessing = 1;
		};
		9DE47F3D2DBF66C6000F61BD /* CopyFiles */ = {
			isa = PBXCopyFilesBuildPhase;
			buildActionMask = 2147483647;
			dstPath = /usr/share/man/man1/;
			dstSubfolderSpec = 0;
			files = (
			);
			runOnlyForDeploymentPostprocessing = 1;
		};
		9DE47FC62DC1D8ED000F61BD /* CopyFiles */ = {
			isa = PBXCopyFilesBuildPhase;
			buildActionMask = 2147483647;
			dstPath = /usr/share/man/man1/;
			dstSubfolderSpec = 0;
			files = (
			);
			runOnlyForDeploymentPostprocessing = 1;
		};
		9DE480542DC1E50C000F61BD /* CopyFiles */ = {
			isa = PBXCopyFilesBuildPhase;
			buildActionMask = 2147483647;
			dstPath = /usr/share/man/man1/;
			dstSubfolderSpec = 0;
			files = (
			);
			runOnlyForDeploymentPostprocessing = 1;
		};
		9DE480E52DC320D7000F61BD /* CopyFiles */ = {
			isa = PBXCopyFilesBuildPhase;
			buildActionMask = 2147483647;
			dstPath = /usr/share/man/man1/;
			dstSubfolderSpec = 0;
			files = (
			);
			runOnlyForDeploymentPostprocessing = 1;
		};
/* End PBXCopyFilesBuildPhase section */

/* Begin PBXFileReference section */
		9D1A820B2DABCB02009F4888 /* Adapter */ = {isa = PBXFileReference; explicitFileType = "compiled.mach-o.executable"; includeInIndex = 0; path = Adapter; sourceTree = BUILT_PRODUCTS_DIR; };
		9D1A82672DACCD8B009F4888 /* Bridge */ = {isa = PBXFileReference; explicitFileType = "compiled.mach-o.executable"; includeInIndex = 0; path = Bridge; sourceTree = BUILT_PRODUCTS_DIR; };
		9D1A82B72DACFE2C009F4888 /* Composite */ = {isa = PBXFileReference; explicitFileType = "compiled.mach-o.executable"; includeInIndex = 0; path = Composite; sourceTree = BUILT_PRODUCTS_DIR; };
		9D45A1932DB8A14E003D265C /* Proxy */ = {isa = PBXFileReference; explicitFileType = "compiled.mach-o.executable"; includeInIndex = 0; path = Proxy; sourceTree = BUILT_PRODUCTS_DIR; };
		9D45A1F62DB8D206003D265C /* COR */ = {isa = PBXFileReference; explicitFileType = "compiled.mach-o.executable"; includeInIndex = 0; path = COR; sourceTree = BUILT_PRODUCTS_DIR; };
		9D45A2572DB9FB12003D265C /* Command */ = {isa = PBXFileReference; explicitFileType = "compiled.mach-o.executable"; includeInIndex = 0; path = Command; sourceTree = BUILT_PRODUCTS_DIR; };
		9D4D7CB82DBB80F90008CF81 /* Iterator */ = {isa = PBXFileReference; explicitFileType = "compiled.mach-o.executable"; includeInIndex = 0; path = Iterator; sourceTree = BUILT_PRODUCTS_DIR; };
		9D99D1882DAE3EF000165858 /* Decorator */ = {isa = PBXFileReference; explicitFileType = "compiled.mach-o.executable"; includeInIndex = 0; path = Decorator; sourceTree = BUILT_PRODUCTS_DIR; };
		9D99D1F72DAFAD8B00165858 /* Flyweight */ = {isa = PBXFileReference; explicitFileType = "compiled.mach-o.executable"; includeInIndex = 0; path = Flyweight; sourceTree = BUILT_PRODUCTS_DIR; };
		9DDE07F32DA578520022E5F2 /* AbstractFactory */ = {isa = PBXFileReference; explicitFileType = "compiled.mach-o.executable"; includeInIndex = 0; path = AbstractFactory; sourceTree = BUILT_PRODUCTS_DIR; };
		9DDE08542DA62E830022E5F2 /* Builder */ = {isa = PBXFileReference; explicitFileType = "compiled.mach-o.executable"; includeInIndex = 0; path = Builder; sourceTree = BUILT_PRODUCTS_DIR; };
		9DDE08812DA652750022E5F2 /* FactoryMethod */ = {isa = PBXFileReference; explicitFileType = "compiled.mach-o.executable"; includeInIndex = 0; path = FactoryMethod; sourceTree = BUILT_PRODUCTS_DIR; };
		9DDE08EB2DA77B7E0022E5F2 /* Prototype */ = {isa = PBXFileReference; explicitFileType = "compiled.mach-o.executable"; includeInIndex = 0; path = Prototype; sourceTree = BUILT_PRODUCTS_DIR; };
		9DDE09322DA790FF0022E5F2 /* Singleton */ = {isa = PBXFileReference; explicitFileType = "compiled.mach-o.executable"; includeInIndex = 0; path = Singleton; sourceTree = BUILT_PRODUCTS_DIR; };
		9DE47E062DBC9DD3000F61BD /* Mediator */ = {isa = PBXFileReference; explicitFileType = "compiled.mach-o.executable"; includeInIndex = 0; path = Mediator; sourceTree = BUILT_PRODUCTS_DIR; };
		9DE47E172DBCBC1F000F61BD /* Memento.app */ = {isa = PBXFileReference; explicitFileType = wrapper.application; includeInIndex = 0; path = Memento.app; sourceTree = BUILT_PRODUCTS_DIR; };
		9DE47F3F2DBF66C6000F61BD /* State */ = {isa = PBXFileReference; explicitFileType = "compiled.mach-o.executable"; includeInIndex = 0; path = State; sourceTree = BUILT_PRODUCTS_DIR; };
		9DE47FC82DC1D8ED000F61BD /* Strategy */ = {isa = PBXFileReference; explicitFileType = "compiled.mach-o.executable"; includeInIndex = 0; path = Strategy; sourceTree = BUILT_PRODUCTS_DIR; };
		9DE480562DC1E50C000F61BD /* TemplateMethod */ = {isa = PBXFileReference; explicitFileType = "compiled.mach-o.executable"; includeInIndex = 0; path = TemplateMethod; sourceTree = BUILT_PRODUCTS_DIR; };
		9DE480E72DC320D7000F61BD /* Visitor */ = {isa = PBXFileReference; explicitFileType = "compiled.mach-o.executable"; includeInIndex = 0; path = Visitor; sourceTree = BUILT_PRODUCTS_DIR; };
/* End PBXFileReference section */

/* Begin PBXFileSystemSynchronizedBuildFileExceptionSet section */
		9DDE08122DA578670022E5F2 /* Exceptions for "AbstractFactory" folder in "AbstractFactory" target */ = {
			isa = PBXFileSystemSynchronizedBuildFileExceptionSet;
			membershipExceptions = (
				Concretes/GrayKit/GrayKit.swift,
				Concretes/GreenKit/GreenKit.swift,
				Direction.swift,
				Door.swift,
				main.swift,
				MazeGame.swift,
				Room.swift,
				Wall.swift,
			);
			target = 9DDE07F22DA578520022E5F2 /* AbstractFactory */;
		};
/* End PBXFileSystemSynchronizedBuildFileExceptionSet section */

/* Begin PBXFileSystemSynchronizedRootGroup section */
		9D1A820C2DABCB02009F4888 /* Adapter */ = {
			isa = PBXFileSystemSynchronizedRootGroup;
			path = Adapter;
			sourceTree = "<group>";
		};
		9D1A82682DACCD8B009F4888 /* Bridge */ = {
			isa = PBXFileSystemSynchronizedRootGroup;
			path = Bridge;
			sourceTree = "<group>";
		};
		9D1A82B82DACFE2C009F4888 /* Composite */ = {
			isa = PBXFileSystemSynchronizedRootGroup;
			path = Composite;
			sourceTree = "<group>";
		};
		9D45A1942DB8A14E003D265C /* Proxy */ = {
			isa = PBXFileSystemSynchronizedRootGroup;
			path = Proxy;
			sourceTree = "<group>";
		};
		9D45A1F72DB8D206003D265C /* COR */ = {
			isa = PBXFileSystemSynchronizedRootGroup;
			path = COR;
			sourceTree = "<group>";
		};
		9D45A2582DB9FB12003D265C /* Command */ = {
			isa = PBXFileSystemSynchronizedRootGroup;
			path = Command;
			sourceTree = "<group>";
		};
		9D4D7CB92DBB80F90008CF81 /* Iterator */ = {
			isa = PBXFileSystemSynchronizedRootGroup;
			path = Iterator;
			sourceTree = "<group>";
		};
		9D99D1892DAE3EF000165858 /* Decorator */ = {
			isa = PBXFileSystemSynchronizedRootGroup;
			path = Decorator;
			sourceTree = "<group>";
		};
		9D99D1F82DAFAD8B00165858 /* Flyweight */ = {
			isa = PBXFileSystemSynchronizedRootGroup;
			path = Flyweight;
			sourceTree = "<group>";
		};
		9DDE07E32DA5781C0022E5F2 /* AbstractFactory */ = {
			isa = PBXFileSystemSynchronizedRootGroup;
			exceptions = (
				9DDE08122DA578670022E5F2 /* Exceptions for "AbstractFactory" folder in "AbstractFactory" target */,
			);
			path = AbstractFactory;
			sourceTree = "<group>";
		};
		9DDE08552DA62E830022E5F2 /* Builder */ = {
			isa = PBXFileSystemSynchronizedRootGroup;
			path = Builder;
			sourceTree = "<group>";
		};
		9DDE08822DA652750022E5F2 /* FactoryMethod */ = {
			isa = PBXFileSystemSynchronizedRootGroup;
			path = FactoryMethod;
			sourceTree = "<group>";
		};
		9DDE08EC2DA77B7E0022E5F2 /* Prototype */ = {
			isa = PBXFileSystemSynchronizedRootGroup;
			path = Prototype;
			sourceTree = "<group>";
		};
		9DDE09332DA790FF0022E5F2 /* Singleton */ = {
			isa = PBXFileSystemSynchronizedRootGroup;
			path = Singleton;
			sourceTree = "<group>";
		};
		9DE47E072DBC9DD3000F61BD /* Mediator */ = {
			isa = PBXFileSystemSynchronizedRootGroup;
			path = Mediator;
			sourceTree = "<group>";
		};
		9DE47E182DBCBC1F000F61BD /* Memento */ = {
			isa = PBXFileSystemSynchronizedRootGroup;
			path = Memento;
			sourceTree = "<group>";
		};
		9DE47F402DBF66C6000F61BD /* State */ = {
			isa = PBXFileSystemSynchronizedRootGroup;
			path = State;
			sourceTree = "<group>";
		};
		9DE47FC92DC1D8ED000F61BD /* Strategy */ = {
			isa = PBXFileSystemSynchronizedRootGroup;
			path = Strategy;
			sourceTree = "<group>";
		};
		9DE480572DC1E50C000F61BD /* TemplateMethod */ = {
			isa = PBXFileSystemSynchronizedRootGroup;
			path = TemplateMethod;
			sourceTree = "<group>";
		};
		9DE480E82DC320D7000F61BD /* Visitor */ = {
			isa = PBXFileSystemSynchronizedRootGroup;
			path = Visitor;
			sourceTree = "<group>";
		};
/* End PBXFileSystemSynchronizedRootGroup section */

/* Begin PBXFrameworksBuildPhase section */
		9D1A82082DABCB02009F4888 /* Frameworks */ = {
			isa = PBXFrameworksBuildPhase;
			buildActionMask = 2147483647;
			files = (
			);
			runOnlyForDeploymentPostprocessing = 0;
		};
		9D1A82642DACCD8B009F4888 /* Frameworks */ = {
			isa = PBXFrameworksBuildPhase;
			buildActionMask = 2147483647;
			files = (
			);
			runOnlyForDeploymentPostprocessing = 0;
		};
		9D1A82B42DACFE2C009F4888 /* Frameworks */ = {
			isa = PBXFrameworksBuildPhase;
			buildActionMask = 2147483647;
			files = (
			);
			runOnlyForDeploymentPostprocessing = 0;
		};
		9D45A1902DB8A14E003D265C /* Frameworks */ = {
			isa = PBXFrameworksBuildPhase;
			buildActionMask = 2147483647;
			files = (
			);
			runOnlyForDeploymentPostprocessing = 0;
		};
		9D45A1F32DB8D206003D265C /* Frameworks */ = {
			isa = PBXFrameworksBuildPhase;
			buildActionMask = 2147483647;
			files = (
			);
			runOnlyForDeploymentPostprocessing = 0;
		};
		9D45A2542DB9FB12003D265C /* Frameworks */ = {
			isa = PBXFrameworksBuildPhase;
			buildActionMask = 2147483647;
			files = (
			);
			runOnlyForDeploymentPostprocessing = 0;
		};
		9D4D7CB52DBB80F90008CF81 /* Frameworks */ = {
			isa = PBXFrameworksBuildPhase;
			buildActionMask = 2147483647;
			files = (
			);
			runOnlyForDeploymentPostprocessing = 0;
		};
		9D99D1852DAE3EF000165858 /* Frameworks */ = {
			isa = PBXFrameworksBuildPhase;
			buildActionMask = 2147483647;
			files = (
			);
			runOnlyForDeploymentPostprocessing = 0;
		};
		9D99D1F42DAFAD8B00165858 /* Frameworks */ = {
			isa = PBXFrameworksBuildPhase;
			buildActionMask = 2147483647;
			files = (
			);
			runOnlyForDeploymentPostprocessing = 0;
		};
		9DDE07F02DA578520022E5F2 /* Frameworks */ = {
			isa = PBXFrameworksBuildPhase;
			buildActionMask = 2147483647;
			files = (
			);
			runOnlyForDeploymentPostprocessing = 0;
		};
		9DDE08512DA62E830022E5F2 /* Frameworks */ = {
			isa = PBXFrameworksBuildPhase;
			buildActionMask = 2147483647;
			files = (
			);
			runOnlyForDeploymentPostprocessing = 0;
		};
		9DDE087E2DA652750022E5F2 /* Frameworks */ = {
			isa = PBXFrameworksBuildPhase;
			buildActionMask = 2147483647;
			files = (
			);
			runOnlyForDeploymentPostprocessing = 0;
		};
		9DDE08E82DA77B7E0022E5F2 /* Frameworks */ = {
			isa = PBXFrameworksBuildPhase;
			buildActionMask = 2147483647;
			files = (
			);
			runOnlyForDeploymentPostprocessing = 0;
		};
		9DDE092F2DA790FF0022E5F2 /* Frameworks */ = {
			isa = PBXFrameworksBuildPhase;
			buildActionMask = 2147483647;
			files = (
			);
			runOnlyForDeploymentPostprocessing = 0;
		};
		9DE47E032DBC9DD3000F61BD /* Frameworks */ = {
			isa = PBXFrameworksBuildPhase;
			buildActionMask = 2147483647;
			files = (
			);
			runOnlyForDeploymentPostprocessing = 0;
		};
		9DE47E142DBCBC1F000F61BD /* Frameworks */ = {
			isa = PBXFrameworksBuildPhase;
			buildActionMask = 2147483647;
			files = (
			);
			runOnlyForDeploymentPostprocessing = 0;
		};
		9DE47F3C2DBF66C6000F61BD /* Frameworks */ = {
			isa = PBXFrameworksBuildPhase;
			buildActionMask = 2147483647;
			files = (
			);
			runOnlyForDeploymentPostprocessing = 0;
		};
		9DE47FC52DC1D8ED000F61BD /* Frameworks */ = {
			isa = PBXFrameworksBuildPhase;
			buildActionMask = 2147483647;
			files = (
			);
			runOnlyForDeploymentPostprocessing = 0;
		};
		9DE480532DC1E50C000F61BD /* Frameworks */ = {
			isa = PBXFrameworksBuildPhase;
			buildActionMask = 2147483647;
			files = (
			);
			runOnlyForDeploymentPostprocessing = 0;
		};
		9DE480E42DC320D7000F61BD /* Frameworks */ = {
			isa = PBXFrameworksBuildPhase;
			buildActionMask = 2147483647;
			files = (
			);
			runOnlyForDeploymentPostprocessing = 0;
		};
/* End PBXFrameworksBuildPhase section */

/* Begin PBXGroup section */
		9DDE07B62DA569DF0022E5F2 = {
			isa = PBXGroup;
			children = (
				9DDE07E32DA5781C0022E5F2 /* AbstractFactory */,
				9DDE08552DA62E830022E5F2 /* Builder */,
				9DDE08822DA652750022E5F2 /* FactoryMethod */,
				9DDE08EC2DA77B7E0022E5F2 /* Prototype */,
				9DDE09332DA790FF0022E5F2 /* Singleton */,
				9D1A820C2DABCB02009F4888 /* Adapter */,
				9D1A82682DACCD8B009F4888 /* Bridge */,
				9D1A82B82DACFE2C009F4888 /* Composite */,
				9D99D1892DAE3EF000165858 /* Decorator */,
				9D99D1F82DAFAD8B00165858 /* Flyweight */,
				9D45A1942DB8A14E003D265C /* Proxy */,
				9D45A1F72DB8D206003D265C /* COR */,
				9D45A2582DB9FB12003D265C /* Command */,
				9D4D7CB92DBB80F90008CF81 /* Iterator */,
				9DE47E072DBC9DD3000F61BD /* Mediator */,
				9DE47E182DBCBC1F000F61BD /* Memento */,
				9DE47F402DBF66C6000F61BD /* State */,
				9DE47FC92DC1D8ED000F61BD /* Strategy */,
				9DE480572DC1E50C000F61BD /* TemplateMethod */,
				9DE480E82DC320D7000F61BD /* Visitor */,
				9DDE07C02DA569DF0022E5F2 /* Products */,
			);
			sourceTree = "<group>";
		};
		9DDE07C02DA569DF0022E5F2 /* Products */ = {
			isa = PBXGroup;
			children = (
				9DDE07F32DA578520022E5F2 /* AbstractFactory */,
				9DDE08542DA62E830022E5F2 /* Builder */,
				9DDE08812DA652750022E5F2 /* FactoryMethod */,
				9DDE08EB2DA77B7E0022E5F2 /* Prototype */,
				9DDE09322DA790FF0022E5F2 /* Singleton */,
				9D1A820B2DABCB02009F4888 /* Adapter */,
				9D1A82672DACCD8B009F4888 /* Bridge */,
				9D1A82B72DACFE2C009F4888 /* Composite */,
				9D99D1882DAE3EF000165858 /* Decorator */,
				9D99D1F72DAFAD8B00165858 /* Flyweight */,
				9D45A1932DB8A14E003D265C /* Proxy */,
				9D45A1F62DB8D206003D265C /* COR */,
				9D45A2572DB9FB12003D265C /* Command */,
				9D4D7CB82DBB80F90008CF81 /* Iterator */,
				9DE47E062DBC9DD3000F61BD /* Mediator */,
				9DE47E172DBCBC1F000F61BD /* Memento.app */,
				9DE47F3F2DBF66C6000F61BD /* State */,
				9DE47FC82DC1D8ED000F61BD /* Strategy */,
				9DE480562DC1E50C000F61BD /* TemplateMethod */,
				9DE480E72DC320D7000F61BD /* Visitor */,
			);
			name = Products;
			sourceTree = "<group>";
		};
/* End PBXGroup section */

/* Begin PBXNativeTarget section */
		9D1A820A2DABCB02009F4888 /* Adapter */ = {
			isa = PBXNativeTarget;
			buildConfigurationList = 9D1A82112DABCB02009F4888 /* Build configuration list for PBXNativeTarget "Adapter" */;
			buildPhases = (
				9D1A82072DABCB02009F4888 /* Sources */,
				9D1A82082DABCB02009F4888 /* Frameworks */,
				9D1A82092DABCB02009F4888 /* CopyFiles */,
			);
			buildRules = (
			);
			dependencies = (
			);
			fileSystemSynchronizedGroups = (
				9D1A820C2DABCB02009F4888 /* Adapter */,
			);
			name = Adapter;
			packageProductDependencies = (
			);
			productName = Adapter;
			productReference = 9D1A820B2DABCB02009F4888 /* Adapter */;
			productType = "com.apple.product-type.tool";
		};
		9D1A82662DACCD8B009F4888 /* Bridge */ = {
			isa = PBXNativeTarget;
			buildConfigurationList = 9D1A826D2DACCD8B009F4888 /* Build configuration list for PBXNativeTarget "Bridge" */;
			buildPhases = (
				9D1A82632DACCD8B009F4888 /* Sources */,
				9D1A82642DACCD8B009F4888 /* Frameworks */,
				9D1A82652DACCD8B009F4888 /* CopyFiles */,
			);
			buildRules = (
			);
			dependencies = (
			);
			fileSystemSynchronizedGroups = (
				9D1A82682DACCD8B009F4888 /* Bridge */,
			);
			name = Bridge;
			packageProductDependencies = (
			);
			productName = Bridge;
			productReference = 9D1A82672DACCD8B009F4888 /* Bridge */;
			productType = "com.apple.product-type.tool";
		};
		9D1A82B62DACFE2C009F4888 /* Composite */ = {
			isa = PBXNativeTarget;
			buildConfigurationList = 9D1A82BD2DACFE2C009F4888 /* Build configuration list for PBXNativeTarget "Composite" */;
			buildPhases = (
				9D1A82B32DACFE2C009F4888 /* Sources */,
				9D1A82B42DACFE2C009F4888 /* Frameworks */,
				9D1A82B52DACFE2C009F4888 /* CopyFiles */,
			);
			buildRules = (
			);
			dependencies = (
			);
			fileSystemSynchronizedGroups = (
				9D1A82B82DACFE2C009F4888 /* Composite */,
			);
			name = Composite;
			packageProductDependencies = (
			);
			productName = Composite;
			productReference = 9D1A82B72DACFE2C009F4888 /* Composite */;
			productType = "com.apple.product-type.tool";
		};
		9D45A1922DB8A14E003D265C /* Proxy */ = {
			isa = PBXNativeTarget;
			buildConfigurationList = 9D45A1992DB8A14E003D265C /* Build configuration list for PBXNativeTarget "Proxy" */;
			buildPhases = (
				9D45A18F2DB8A14E003D265C /* Sources */,
				9D45A1902DB8A14E003D265C /* Frameworks */,
				9D45A1912DB8A14E003D265C /* CopyFiles */,
			);
			buildRules = (
			);
			dependencies = (
			);
			fileSystemSynchronizedGroups = (
				9D45A1942DB8A14E003D265C /* Proxy */,
			);
			name = Proxy;
			packageProductDependencies = (
			);
			productName = Proxy;
			productReference = 9D45A1932DB8A14E003D265C /* Proxy */;
			productType = "com.apple.product-type.tool";
		};
		9D45A1F52DB8D206003D265C /* COR */ = {
			isa = PBXNativeTarget;
			buildConfigurationList = 9D45A1FC2DB8D206003D265C /* Build configuration list for PBXNativeTarget "COR" */;
			buildPhases = (
				9D45A1F22DB8D206003D265C /* Sources */,
				9D45A1F32DB8D206003D265C /* Frameworks */,
				9D45A1F42DB8D206003D265C /* CopyFiles */,
			);
			buildRules = (
			);
			dependencies = (
			);
			fileSystemSynchronizedGroups = (
				9D45A1F72DB8D206003D265C /* COR */,
			);
			name = COR;
			packageProductDependencies = (
			);
			productName = COR;
			productReference = 9D45A1F62DB8D206003D265C /* COR */;
			productType = "com.apple.product-type.tool";
		};
		9D45A2562DB9FB12003D265C /* Command */ = {
			isa = PBXNativeTarget;
			buildConfigurationList = 9D45A25D2DB9FB12003D265C /* Build configuration list for PBXNativeTarget "Command" */;
			buildPhases = (
				9D45A2532DB9FB12003D265C /* Sources */,
				9D45A2542DB9FB12003D265C /* Frameworks */,
				9D45A2552DB9FB12003D265C /* CopyFiles */,
			);
			buildRules = (
			);
			dependencies = (
			);
			fileSystemSynchronizedGroups = (
				9D45A2582DB9FB12003D265C /* Command */,
			);
			name = Command;
			packageProductDependencies = (
			);
			productName = Command;
			productReference = 9D45A2572DB9FB12003D265C /* Command */;
			productType = "com.apple.product-type.tool";
		};
		9D4D7CB72DBB80F90008CF81 /* Iterator */ = {
			isa = PBXNativeTarget;
			buildConfigurationList = 9D4D7CBE2DBB80F90008CF81 /* Build configuration list for PBXNativeTarget "Iterator" */;
			buildPhases = (
				9D4D7CB42DBB80F90008CF81 /* Sources */,
				9D4D7CB52DBB80F90008CF81 /* Frameworks */,
				9D4D7CB62DBB80F90008CF81 /* CopyFiles */,
			);
			buildRules = (
			);
			dependencies = (
			);
			fileSystemSynchronizedGroups = (
				9D4D7CB92DBB80F90008CF81 /* Iterator */,
			);
			name = Iterator;
			packageProductDependencies = (
			);
			productName = Iterator;
			productReference = 9D4D7CB82DBB80F90008CF81 /* Iterator */;
			productType = "com.apple.product-type.tool";
		};
		9D99D1872DAE3EF000165858 /* Decorator */ = {
			isa = PBXNativeTarget;
			buildConfigurationList = 9D99D18E2DAE3EF000165858 /* Build configuration list for PBXNativeTarget "Decorator" */;
			buildPhases = (
				9D99D1842DAE3EF000165858 /* Sources */,
				9D99D1852DAE3EF000165858 /* Frameworks */,
				9D99D1862DAE3EF000165858 /* CopyFiles */,
			);
			buildRules = (
			);
			dependencies = (
			);
			fileSystemSynchronizedGroups = (
				9D99D1892DAE3EF000165858 /* Decorator */,
			);
			name = Decorator;
			packageProductDependencies = (
			);
			productName = Decorator;
			productReference = 9D99D1882DAE3EF000165858 /* Decorator */;
			productType = "com.apple.product-type.tool";
		};
		9D99D1F62DAFAD8B00165858 /* Flyweight */ = {
			isa = PBXNativeTarget;
			buildConfigurationList = 9D99D1FD2DAFAD8B00165858 /* Build configuration list for PBXNativeTarget "Flyweight" */;
			buildPhases = (
				9D99D1F32DAFAD8B00165858 /* Sources */,
				9D99D1F42DAFAD8B00165858 /* Frameworks */,
				9D99D1F52DAFAD8B00165858 /* CopyFiles */,
			);
			buildRules = (
			);
			dependencies = (
			);
			fileSystemSynchronizedGroups = (
				9D99D1F82DAFAD8B00165858 /* Flyweight */,
			);
			name = Flyweight;
			packageProductDependencies = (
			);
			productName = Flyweight;
			productReference = 9D99D1F72DAFAD8B00165858 /* Flyweight */;
			productType = "com.apple.product-type.tool";
		};
		9DDE07F22DA578520022E5F2 /* AbstractFactory */ = {
			isa = PBXNativeTarget;
			buildConfigurationList = 9DDE07F72DA578520022E5F2 /* Build configuration list for PBXNativeTarget "AbstractFactory" */;
			buildPhases = (
				9DDE07EF2DA578520022E5F2 /* Sources */,
				9DDE07F02DA578520022E5F2 /* Frameworks */,
				9DDE07F12DA578520022E5F2 /* CopyFiles */,
			);
			buildRules = (
			);
			dependencies = (
			);
			name = AbstractFactory;
			packageProductDependencies = (
			);
			productName = AbstractFactory;
			productReference = 9DDE07F32DA578520022E5F2 /* AbstractFactory */;
			productType = "com.apple.product-type.tool";
		};
		9DDE08532DA62E830022E5F2 /* Builder */ = {
			isa = PBXNativeTarget;
			buildConfigurationList = 9DDE085A2DA62E830022E5F2 /* Build configuration list for PBXNativeTarget "Builder" */;
			buildPhases = (
				9DDE08502DA62E830022E5F2 /* Sources */,
				9DDE08512DA62E830022E5F2 /* Frameworks */,
				9DDE08522DA62E830022E5F2 /* CopyFiles */,
			);
			buildRules = (
			);
			dependencies = (
			);
			fileSystemSynchronizedGroups = (
				9DDE08552DA62E830022E5F2 /* Builder */,
			);
			name = Builder;
			packageProductDependencies = (
			);
			productName = Builder;
			productReference = 9DDE08542DA62E830022E5F2 /* Builder */;
			productType = "com.apple.product-type.tool";
		};
		9DDE08802DA652750022E5F2 /* FactoryMethod */ = {
			isa = PBXNativeTarget;
			buildConfigurationList = 9DDE08872DA652750022E5F2 /* Build configuration list for PBXNativeTarget "FactoryMethod" */;
			buildPhases = (
				9DDE087D2DA652750022E5F2 /* Sources */,
				9DDE087E2DA652750022E5F2 /* Frameworks */,
				9DDE087F2DA652750022E5F2 /* CopyFiles */,
			);
			buildRules = (
			);
			dependencies = (
			);
			fileSystemSynchronizedGroups = (
				9DDE08822DA652750022E5F2 /* FactoryMethod */,
			);
			name = FactoryMethod;
			packageProductDependencies = (
			);
			productName = FactoryMethod;
			productReference = 9DDE08812DA652750022E5F2 /* FactoryMethod */;
			productType = "com.apple.product-type.tool";
		};
		9DDE08EA2DA77B7E0022E5F2 /* Prototype */ = {
			isa = PBXNativeTarget;
			buildConfigurationList = 9DDE08F12DA77B7E0022E5F2 /* Build configuration list for PBXNativeTarget "Prototype" */;
			buildPhases = (
				9DDE08E72DA77B7E0022E5F2 /* Sources */,
				9DDE08E82DA77B7E0022E5F2 /* Frameworks */,
				9DDE08E92DA77B7E0022E5F2 /* CopyFiles */,
			);
			buildRules = (
			);
			dependencies = (
			);
			fileSystemSynchronizedGroups = (
				9DDE08EC2DA77B7E0022E5F2 /* Prototype */,
			);
			name = Prototype;
			packageProductDependencies = (
			);
			productName = Prototype;
			productReference = 9DDE08EB2DA77B7E0022E5F2 /* Prototype */;
			productType = "com.apple.product-type.tool";
		};
		9DDE09312DA790FF0022E5F2 /* Singleton */ = {
			isa = PBXNativeTarget;
			buildConfigurationList = 9DDE09382DA790FF0022E5F2 /* Build configuration list for PBXNativeTarget "Singleton" */;
			buildPhases = (
				9DDE092E2DA790FF0022E5F2 /* Sources */,
				9DDE092F2DA790FF0022E5F2 /* Frameworks */,
				9DDE09302DA790FF0022E5F2 /* CopyFiles */,
			);
			buildRules = (
			);
			dependencies = (
			);
			fileSystemSynchronizedGroups = (
				9DDE09332DA790FF0022E5F2 /* Singleton */,
			);
			name = Singleton;
			packageProductDependencies = (
			);
			productName = Singleton;
			productReference = 9DDE09322DA790FF0022E5F2 /* Singleton */;
			productType = "com.apple.product-type.tool";
		};
		9DE47E052DBC9DD3000F61BD /* Mediator */ = {
			isa = PBXNativeTarget;
			buildConfigurationList = 9DE47E0C2DBC9DD3000F61BD /* Build configuration list for PBXNativeTarget "Mediator" */;
			buildPhases = (
				9DE47E022DBC9DD3000F61BD /* Sources */,
				9DE47E032DBC9DD3000F61BD /* Frameworks */,
				9DE47E042DBC9DD3000F61BD /* CopyFiles */,
			);
			buildRules = (
			);
			dependencies = (
			);
			fileSystemSynchronizedGroups = (
				9DE47E072DBC9DD3000F61BD /* Mediator */,
			);
			name = Mediator;
			packageProductDependencies = (
			);
			productName = Mediator;
			productReference = 9DE47E062DBC9DD3000F61BD /* Mediator */;
			productType = "com.apple.product-type.tool";
		};
		9DE47E162DBCBC1F000F61BD /* Memento */ = {
			isa = PBXNativeTarget;
			buildConfigurationList = 9DE47E382DBCBC20000F61BD /* Build configuration list for PBXNativeTarget "Memento" */;
			buildPhases = (
				9DE47E132DBCBC1F000F61BD /* Sources */,
				9DE47E142DBCBC1F000F61BD /* Frameworks */,
				9DE47E152DBCBC1F000F61BD /* Resources */,
			);
			buildRules = (
			);
			dependencies = (
			);
			fileSystemSynchronizedGroups = (
				9DE47E182DBCBC1F000F61BD /* Memento */,
			);
			name = Memento;
			packageProductDependencies = (
			);
			productName = Memento;
			productReference = 9DE47E172DBCBC1F000F61BD /* Memento.app */;
			productType = "com.apple.product-type.application";
		};
		9DE47F3E2DBF66C6000F61BD /* State */ = {
			isa = PBXNativeTarget;
			buildConfigurationList = 9DE47F452DBF66C6000F61BD /* Build configuration list for PBXNativeTarget "State" */;
			buildPhases = (
				9DE47F3B2DBF66C6000F61BD /* Sources */,
				9DE47F3C2DBF66C6000F61BD /* Frameworks */,
				9DE47F3D2DBF66C6000F61BD /* CopyFiles */,
			);
			buildRules = (
			);
			dependencies = (
			);
			fileSystemSynchronizedGroups = (
				9DE47F402DBF66C6000F61BD /* State */,
			);
			name = State;
			packageProductDependencies = (
			);
			productName = State;
			productReference = 9DE47F3F2DBF66C6000F61BD /* State */;
			productType = "com.apple.product-type.tool";
		};
		9DE47FC72DC1D8ED000F61BD /* Strategy */ = {
			isa = PBXNativeTarget;
			buildConfigurationList = 9DE47FCE2DC1D8ED000F61BD /* Build configuration list for PBXNativeTarget "Strategy" */;
			buildPhases = (
				9DE47FC42DC1D8ED000F61BD /* Sources */,
				9DE47FC52DC1D8ED000F61BD /* Frameworks */,
				9DE47FC62DC1D8ED000F61BD /* CopyFiles */,
			);
			buildRules = (
			);
			dependencies = (
			);
			fileSystemSynchronizedGroups = (
				9DE47FC92DC1D8ED000F61BD /* Strategy */,
			);
			name = Strategy;
			packageProductDependencies = (
			);
			productName = Strategy;
			productReference = 9DE47FC82DC1D8ED000F61BD /* Strategy */;
			productType = "com.apple.product-type.tool";
		};
		9DE480552DC1E50C000F61BD /* TemplateMethod */ = {
			isa = PBXNativeTarget;
			buildConfigurationList = 9DE4805C2DC1E50C000F61BD /* Build configuration list for PBXNativeTarget "TemplateMethod" */;
			buildPhases = (
				9DE480522DC1E50C000F61BD /* Sources */,
				9DE480532DC1E50C000F61BD /* Frameworks */,
				9DE480542DC1E50C000F61BD /* CopyFiles */,
			);
			buildRules = (
			);
			dependencies = (
			);
			fileSystemSynchronizedGroups = (
				9DE480572DC1E50C000F61BD /* TemplateMethod */,
			);
			name = TemplateMethod;
			packageProductDependencies = (
			);
			productName = TemplateMethod;
			productReference = 9DE480562DC1E50C000F61BD /* TemplateMethod */;
			productType = "com.apple.product-type.tool";
		};
		9DE480E62DC320D7000F61BD /* Visitor */ = {
			isa = PBXNativeTarget;
			buildConfigurationList = 9DE480ED2DC320D7000F61BD /* Build configuration list for PBXNativeTarget "Visitor" */;
			buildPhases = (
				9DE480E32DC320D7000F61BD /* Sources */,
				9DE480E42DC320D7000F61BD /* Frameworks */,
				9DE480E52DC320D7000F61BD /* CopyFiles */,
			);
			buildRules = (
			);
			dependencies = (
			);
			fileSystemSynchronizedGroups = (
				9DE480E82DC320D7000F61BD /* Visitor */,
			);
			name = Visitor;
			packageProductDependencies = (
			);
			productName = Visitor;
			productReference = 9DE480E72DC320D7000F61BD /* Visitor */;
			productType = "com.apple.product-type.tool";
		};
/* End PBXNativeTarget section */

/* Begin PBXProject section */
		9DDE07B72DA569DF0022E5F2 /* Project object */ = {
			isa = PBXProject;
			attributes = {
				BuildIndependentTargetsInParallel = 1;
				LastSwiftUpdateCheck = 1620;
				LastUpgradeCheck = 1620;
				TargetAttributes = {
					9D1A820A2DABCB02009F4888 = {
						CreatedOnToolsVersion = 16.2;
					};
					9D1A82662DACCD8B009F4888 = {
						CreatedOnToolsVersion = 16.2;
					};
					9D1A82B62DACFE2C009F4888 = {
						CreatedOnToolsVersion = 16.2;
					};
					9D45A1922DB8A14E003D265C = {
						CreatedOnToolsVersion = 16.2;
					};
					9D45A1F52DB8D206003D265C = {
						CreatedOnToolsVersion = 16.2;
					};
					9D45A2562DB9FB12003D265C = {
						CreatedOnToolsVersion = 16.2;
					};
					9D4D7CB72DBB80F90008CF81 = {
						CreatedOnToolsVersion = 16.2;
					};
					9D99D1872DAE3EF000165858 = {
						CreatedOnToolsVersion = 16.2;
					};
					9D99D1F62DAFAD8B00165858 = {
						CreatedOnToolsVersion = 16.2;
					};
					9DDE07F22DA578520022E5F2 = {
						CreatedOnToolsVersion = 16.2;
					};
					9DDE08532DA62E830022E5F2 = {
						CreatedOnToolsVersion = 16.2;
					};
					9DDE08802DA652750022E5F2 = {
						CreatedOnToolsVersion = 16.2;
					};
					9DDE08EA2DA77B7E0022E5F2 = {
						CreatedOnToolsVersion = 16.2;
					};
					9DDE09312DA790FF0022E5F2 = {
						CreatedOnToolsVersion = 16.2;
					};
					9DE47E052DBC9DD3000F61BD = {
						CreatedOnToolsVersion = 16.2;
					};
					9DE47E162DBCBC1F000F61BD = {
						CreatedOnToolsVersion = 16.2;
					};
					9DE47F3E2DBF66C6000F61BD = {
						CreatedOnToolsVersion = 16.2;
					};
					9DE47FC72DC1D8ED000F61BD = {
						CreatedOnToolsVersion = 16.2;
					};
					9DE480552DC1E50C000F61BD = {
						CreatedOnToolsVersion = 16.2;
					};
					9DE480E62DC320D7000F61BD = {
						CreatedOnToolsVersion = 16.2;
					};
				};
			};
			buildConfigurationList = 9DDE07BA2DA569DF0022E5F2 /* Build configuration list for PBXProject "DSPs" */;
			developmentRegion = en;
			hasScannedForEncodings = 0;
			knownRegions = (
				en,
				Base,
			);
			mainGroup = 9DDE07B62DA569DF0022E5F2;
			minimizedProjectReferenceProxies = 1;
			preferredProjectObjectVersion = 77;
			productRefGroup = 9DDE07C02DA569DF0022E5F2 /* Products */;
			projectDirPath = "";
			projectRoot = "";
			targets = (
				9DDE07F22DA578520022E5F2 /* AbstractFactory */,
				9DDE08532DA62E830022E5F2 /* Builder */,
				9DDE08802DA652750022E5F2 /* FactoryMethod */,
				9DDE08EA2DA77B7E0022E5F2 /* Prototype */,
				9DDE09312DA790FF0022E5F2 /* Singleton */,
				9D1A820A2DABCB02009F4888 /* Adapter */,
				9D1A82662DACCD8B009F4888 /* Bridge */,
				9D1A82B62DACFE2C009F4888 /* Composite */,
				9D99D1872DAE3EF000165858 /* Decorator */,
				9D99D1F62DAFAD8B00165858 /* Flyweight */,
				9D45A1922DB8A14E003D265C /* Proxy */,
				9D45A1F52DB8D206003D265C /* COR */,
				9D45A2562DB9FB12003D265C /* Command */,
				9D4D7CB72DBB80F90008CF81 /* Iterator */,
				9DE47E052DBC9DD3000F61BD /* Mediator */,
				9DE47E162DBCBC1F000F61BD /* Memento */,
				9DE47F3E2DBF66C6000F61BD /* State */,
				9DE47FC72DC1D8ED000F61BD /* Strategy */,
				9DE480552DC1E50C000F61BD /* TemplateMethod */,
				9DE480E62DC320D7000F61BD /* Visitor */,
			);
		};
/* End PBXProject section */

/* Begin PBXResourcesBuildPhase section */
		9DE47E152DBCBC1F000F61BD /* Resources */ = {
			isa = PBXResourcesBuildPhase;
			buildActionMask = 2147483647;
			files = (
			);
			runOnlyForDeploymentPostprocessing = 0;
		};
/* End PBXResourcesBuildPhase section */

/* Begin PBXSourcesBuildPhase section */
		9D1A82072DABCB02009F4888 /* Sources */ = {
			isa = PBXSourcesBuildPhase;
			buildActionMask = 2147483647;
			files = (
			);
			runOnlyForDeploymentPostprocessing = 0;
		};
		9D1A82632DACCD8B009F4888 /* Sources */ = {
			isa = PBXSourcesBuildPhase;
			buildActionMask = 2147483647;
			files = (
			);
			runOnlyForDeploymentPostprocessing = 0;
		};
		9D1A82B32DACFE2C009F4888 /* Sources */ = {
			isa = PBXSourcesBuildPhase;
			buildActionMask = 2147483647;
			files = (
			);
			runOnlyForDeploymentPostprocessing = 0;
		};
		9D45A18F2DB8A14E003D265C /* Sources */ = {
			isa = PBXSourcesBuildPhase;
			buildActionMask = 2147483647;
			files = (
			);
			runOnlyForDeploymentPostprocessing = 0;
		};
		9D45A1F22DB8D206003D265C /* Sources */ = {
			isa = PBXSourcesBuildPhase;
			buildActionMask = 2147483647;
			files = (
			);
			runOnlyForDeploymentPostprocessing = 0;
		};
		9D45A2532DB9FB12003D265C /* Sources */ = {
			isa = PBXSourcesBuildPhase;
			buildActionMask = 2147483647;
			files = (
			);
			runOnlyForDeploymentPostprocessing = 0;
		};
		9D4D7CB42DBB80F90008CF81 /* Sources */ = {
			isa = PBXSourcesBuildPhase;
			buildActionMask = 2147483647;
			files = (
			);
			runOnlyForDeploymentPostprocessing = 0;
		};
		9D99D1842DAE3EF000165858 /* Sources */ = {
			isa = PBXSourcesBuildPhase;
			buildActionMask = 2147483647;
			files = (
			);
			runOnlyForDeploymentPostprocessing = 0;
		};
		9D99D1F32DAFAD8B00165858 /* Sources */ = {
			isa = PBXSourcesBuildPhase;
			buildActionMask = 2147483647;
			files = (
			);
			runOnlyForDeploymentPostprocessing = 0;
		};
		9DDE07EF2DA578520022E5F2 /* Sources */ = {
			isa = PBXSourcesBuildPhase;
			buildActionMask = 2147483647;
			files = (
			);
			runOnlyForDeploymentPostprocessing = 0;
		};
		9DDE08502DA62E830022E5F2 /* Sources */ = {
			isa = PBXSourcesBuildPhase;
			buildActionMask = 2147483647;
			files = (
			);
			runOnlyForDeploymentPostprocessing = 0;
		};
		9DDE087D2DA652750022E5F2 /* Sources */ = {
			isa = PBXSourcesBuildPhase;
			buildActionMask = 2147483647;
			files = (
			);
			runOnlyForDeploymentPostprocessing = 0;
		};
		9DDE08E72DA77B7E0022E5F2 /* Sources */ = {
			isa = PBXSourcesBuildPhase;
			buildActionMask = 2147483647;
			files = (
			);
			runOnlyForDeploymentPostprocessing = 0;
		};
		9DDE092E2DA790FF0022E5F2 /* Sources */ = {
			isa = PBXSourcesBuildPhase;
			buildActionMask = 2147483647;
			files = (
			);
			runOnlyForDeploymentPostprocessing = 0;
		};
		9DE47E022DBC9DD3000F61BD /* Sources */ = {
			isa = PBXSourcesBuildPhase;
			buildActionMask = 2147483647;
			files = (
			);
			runOnlyForDeploymentPostprocessing = 0;
		};
		9DE47E132DBCBC1F000F61BD /* Sources */ = {
			isa = PBXSourcesBuildPhase;
			buildActionMask = 2147483647;
			files = (
			);
			runOnlyForDeploymentPostprocessing = 0;
		};
		9DE47F3B2DBF66C6000F61BD /* Sources */ = {
			isa = PBXSourcesBuildPhase;
			buildActionMask = 2147483647;
			files = (
			);
			runOnlyForDeploymentPostprocessing = 0;
		};
		9DE47FC42DC1D8ED000F61BD /* Sources */ = {
			isa = PBXSourcesBuildPhase;
			buildActionMask = 2147483647;
			files = (
			);
			runOnlyForDeploymentPostprocessing = 0;
		};
		9DE480522DC1E50C000F61BD /* Sources */ = {
			isa = PBXSourcesBuildPhase;
			buildActionMask = 2147483647;
			files = (
			);
			runOnlyForDeploymentPostprocessing = 0;
		};
		9DE480E32DC320D7000F61BD /* Sources */ = {
			isa = PBXSourcesBuildPhase;
			buildActionMask = 2147483647;
			files = (
			);
			runOnlyForDeploymentPostprocessing = 0;
		};
/* End PBXSourcesBuildPhase section */

/* Begin XCBuildConfiguration section */
		9D1A820F2DABCB02009F4888 /* Debug */ = {
			isa = XCBuildConfiguration;
			buildSettings = {
				CODE_SIGN_STYLE = Automatic;
				DEVELOPMENT_TEAM = XHRN62S9RK;
				ENABLE_HARDENED_RUNTIME = YES;
				PRODUCT_NAME = "$(TARGET_NAME)";
				SWIFT_VERSION = 5.0;
			};
			name = Debug;
		};
		9D1A82102DABCB02009F4888 /* Release */ = {
			isa = XCBuildConfiguration;
			buildSettings = {
				CODE_SIGN_STYLE = Automatic;
				DEVELOPMENT_TEAM = XHRN62S9RK;
				ENABLE_HARDENED_RUNTIME = YES;
				PRODUCT_NAME = "$(TARGET_NAME)";
				SWIFT_VERSION = 5.0;
			};
			name = Release;
		};
		9D1A826B2DACCD8B009F4888 /* Debug */ = {
			isa = XCBuildConfiguration;
			buildSettings = {
				CODE_SIGN_STYLE = Automatic;
				DEVELOPMENT_TEAM = XHRN62S9RK;
				ENABLE_HARDENED_RUNTIME = YES;
				PRODUCT_NAME = "$(TARGET_NAME)";
				SWIFT_VERSION = 5.0;
			};
			name = Debug;
		};
		9D1A826C2DACCD8B009F4888 /* Release */ = {
			isa = XCBuildConfiguration;
			buildSettings = {
				CODE_SIGN_STYLE = Automatic;
				DEVELOPMENT_TEAM = XHRN62S9RK;
				ENABLE_HARDENED_RUNTIME = YES;
				PRODUCT_NAME = "$(TARGET_NAME)";
				SWIFT_VERSION = 5.0;
			};
			name = Release;
		};
		9D1A82BB2DACFE2C009F4888 /* Debug */ = {
			isa = XCBuildConfiguration;
			buildSettings = {
				CODE_SIGN_STYLE = Automatic;
				DEVELOPMENT_TEAM = XHRN62S9RK;
				ENABLE_HARDENED_RUNTIME = YES;
				PRODUCT_NAME = "$(TARGET_NAME)";
				SWIFT_VERSION = 5.0;
			};
			name = Debug;
		};
		9D1A82BC2DACFE2C009F4888 /* Release */ = {
			isa = XCBuildConfiguration;
			buildSettings = {
				CODE_SIGN_STYLE = Automatic;
				DEVELOPMENT_TEAM = XHRN62S9RK;
				ENABLE_HARDENED_RUNTIME = YES;
				PRODUCT_NAME = "$(TARGET_NAME)";
				SWIFT_VERSION = 5.0;
			};
			name = Release;
		};
		9D45A1972DB8A14E003D265C /* Debug */ = {
			isa = XCBuildConfiguration;
			buildSettings = {
				CODE_SIGN_STYLE = Automatic;
				DEVELOPMENT_TEAM = XHRN62S9RK;
				ENABLE_HARDENED_RUNTIME = YES;
				PRODUCT_NAME = "$(TARGET_NAME)";
				SWIFT_VERSION = 5.0;
			};
			name = Debug;
		};
		9D45A1982DB8A14E003D265C /* Release */ = {
			isa = XCBuildConfiguration;
			buildSettings = {
				CODE_SIGN_STYLE = Automatic;
				DEVELOPMENT_TEAM = XHRN62S9RK;
				ENABLE_HARDENED_RUNTIME = YES;
				PRODUCT_NAME = "$(TARGET_NAME)";
				SWIFT_VERSION = 5.0;
			};
			name = Release;
		};
		9D45A1FA2DB8D206003D265C /* Debug */ = {
			isa = XCBuildConfiguration;
			buildSettings = {
				CODE_SIGN_STYLE = Automatic;
				DEVELOPMENT_TEAM = XHRN62S9RK;
				ENABLE_HARDENED_RUNTIME = YES;
				PRODUCT_NAME = "$(TARGET_NAME)";
				SWIFT_VERSION = 5.0;
			};
			name = Debug;
		};
		9D45A1FB2DB8D206003D265C /* Release */ = {
			isa = XCBuildConfiguration;
			buildSettings = {
				CODE_SIGN_STYLE = Automatic;
				DEVELOPMENT_TEAM = XHRN62S9RK;
				ENABLE_HARDENED_RUNTIME = YES;
				PRODUCT_NAME = "$(TARGET_NAME)";
				SWIFT_VERSION = 5.0;
			};
			name = Release;
		};
		9D45A25B2DB9FB12003D265C /* Debug */ = {
			isa = XCBuildConfiguration;
			buildSettings = {
				CODE_SIGN_STYLE = Automatic;
				DEVELOPMENT_TEAM = XHRN62S9RK;
				ENABLE_HARDENED_RUNTIME = YES;
				PRODUCT_NAME = "$(TARGET_NAME)";
				SWIFT_VERSION = 5.0;
			};
			name = Debug;
		};
		9D45A25C2DB9FB12003D265C /* Release */ = {
			isa = XCBuildConfiguration;
			buildSettings = {
				CODE_SIGN_STYLE = Automatic;
				DEVELOPMENT_TEAM = XHRN62S9RK;
				ENABLE_HARDENED_RUNTIME = YES;
				PRODUCT_NAME = "$(TARGET_NAME)";
				SWIFT_VERSION = 5.0;
			};
			name = Release;
		};
		9D4D7CBC2DBB80F90008CF81 /* Debug */ = {
			isa = XCBuildConfiguration;
			buildSettings = {
				CODE_SIGN_STYLE = Automatic;
				DEVELOPMENT_TEAM = XHRN62S9RK;
				ENABLE_HARDENED_RUNTIME = YES;
				PRODUCT_NAME = "$(TARGET_NAME)";
				SWIFT_VERSION = 5.0;
			};
			name = Debug;
		};
		9D4D7CBD2DBB80F90008CF81 /* Release */ = {
			isa = XCBuildConfiguration;
			buildSettings = {
				CODE_SIGN_STYLE = Automatic;
				DEVELOPMENT_TEAM = XHRN62S9RK;
				ENABLE_HARDENED_RUNTIME = YES;
				PRODUCT_NAME = "$(TARGET_NAME)";
				SWIFT_VERSION = 5.0;
			};
			name = Release;
		};
		9D99D18C2DAE3EF000165858 /* Debug */ = {
			isa = XCBuildConfiguration;
			buildSettings = {
				CODE_SIGN_STYLE = Automatic;
				DEVELOPMENT_TEAM = XHRN62S9RK;
				ENABLE_HARDENED_RUNTIME = YES;
				PRODUCT_NAME = "$(TARGET_NAME)";
				SWIFT_VERSION = 5.0;
			};
			name = Debug;
		};
		9D99D18D2DAE3EF000165858 /* Release */ = {
			isa = XCBuildConfiguration;
			buildSettings = {
				CODE_SIGN_STYLE = Automatic;
				DEVELOPMENT_TEAM = XHRN62S9RK;
				ENABLE_HARDENED_RUNTIME = YES;
				PRODUCT_NAME = "$(TARGET_NAME)";
				SWIFT_VERSION = 5.0;
			};
			name = Release;
		};
		9D99D1FB2DAFAD8B00165858 /* Debug */ = {
			isa = XCBuildConfiguration;
			buildSettings = {
				CODE_SIGN_STYLE = Automatic;
				DEVELOPMENT_TEAM = XHRN62S9RK;
				ENABLE_HARDENED_RUNTIME = YES;
				PRODUCT_NAME = "$(TARGET_NAME)";
				SWIFT_VERSION = 5.0;
			};
			name = Debug;
		};
		9D99D1FC2DAFAD8B00165858 /* Release */ = {
			isa = XCBuildConfiguration;
			buildSettings = {
				CODE_SIGN_STYLE = Automatic;
				DEVELOPMENT_TEAM = XHRN62S9RK;
				ENABLE_HARDENED_RUNTIME = YES;
				PRODUCT_NAME = "$(TARGET_NAME)";
				SWIFT_VERSION = 5.0;
			};
			name = Release;
		};
		9DDE07C42DA569DF0022E5F2 /* Debug */ = {
			isa = XCBuildConfiguration;
			buildSettings = {
				ALWAYS_SEARCH_USER_PATHS = NO;
				ASSETCATALOG_COMPILER_GENERATE_SWIFT_ASSET_SYMBOL_EXTENSIONS = YES;
				CLANG_ANALYZER_NONNULL = YES;
				CLANG_ANALYZER_NUMBER_OBJECT_CONVERSION = YES_AGGRESSIVE;
				CLANG_CXX_LANGUAGE_STANDARD = "gnu++20";
				CLANG_ENABLE_MODULES = YES;
				CLANG_ENABLE_OBJC_ARC = YES;
				CLANG_ENABLE_OBJC_WEAK = YES;
				CLANG_WARN_BLOCK_CAPTURE_AUTORELEASING = YES;
				CLANG_WARN_BOOL_CONVERSION = YES;
				CLANG_WARN_COMMA = YES;
				CLANG_WARN_CONSTANT_CONVERSION = YES;
				CLANG_WARN_DEPRECATED_OBJC_IMPLEMENTATIONS = YES;
				CLANG_WARN_DIRECT_OBJC_ISA_USAGE = YES_ERROR;
				CLANG_WARN_DOCUMENTATION_COMMENTS = YES;
				CLANG_WARN_EMPTY_BODY = YES;
				CLANG_WARN_ENUM_CONVERSION = YES;
				CLANG_WARN_INFINITE_RECURSION = YES;
				CLANG_WARN_INT_CONVERSION = YES;
				CLANG_WARN_NON_LITERAL_NULL_CONVERSION = YES;
				CLANG_WARN_OBJC_IMPLICIT_RETAIN_SELF = YES;
				CLANG_WARN_OBJC_LITERAL_CONVERSION = YES;
				CLANG_WARN_OBJC_ROOT_CLASS = YES_ERROR;
				CLANG_WARN_QUOTED_INCLUDE_IN_FRAMEWORK_HEADER = YES;
				CLANG_WARN_RANGE_LOOP_ANALYSIS = YES;
				CLANG_WARN_STRICT_PROTOTYPES = YES;
				CLANG_WARN_SUSPICIOUS_MOVE = YES;
				CLANG_WARN_UNGUARDED_AVAILABILITY = YES_AGGRESSIVE;
				CLANG_WARN_UNREACHABLE_CODE = YES;
				CLANG_WARN__DUPLICATE_METHOD_MATCH = YES;
				COPY_PHASE_STRIP = NO;
				DEBUG_INFORMATION_FORMAT = dwarf;
				ENABLE_STRICT_OBJC_MSGSEND = YES;
				ENABLE_TESTABILITY = YES;
				ENABLE_USER_SCRIPT_SANDBOXING = YES;
				GCC_C_LANGUAGE_STANDARD = gnu17;
				GCC_DYNAMIC_NO_PIC = NO;
				GCC_NO_COMMON_BLOCKS = YES;
				GCC_OPTIMIZATION_LEVEL = 0;
				GCC_PREPROCESSOR_DEFINITIONS = (
					"DEBUG=1",
					"$(inherited)",
				);
				GCC_WARN_64_TO_32_BIT_CONVERSION = YES;
				GCC_WARN_ABOUT_RETURN_TYPE = YES_ERROR;
				GCC_WARN_UNDECLARED_SELECTOR = YES;
				GCC_WARN_UNINITIALIZED_AUTOS = YES_AGGRESSIVE;
				GCC_WARN_UNUSED_FUNCTION = YES;
				GCC_WARN_UNUSED_VARIABLE = YES;
				LOCALIZATION_PREFERS_STRING_CATALOGS = YES;
				MACOSX_DEPLOYMENT_TARGET = 14.5;
				MTL_ENABLE_DEBUG_INFO = INCLUDE_SOURCE;
				MTL_FAST_MATH = YES;
				ONLY_ACTIVE_ARCH = YES;
				SDKROOT = macosx;
				SWIFT_ACTIVE_COMPILATION_CONDITIONS = "DEBUG $(inherited)";
				SWIFT_OPTIMIZATION_LEVEL = "-Onone";
			};
			name = Debug;
		};
		9DDE07C52DA569DF0022E5F2 /* Release */ = {
			isa = XCBuildConfiguration;
			buildSettings = {
				ALWAYS_SEARCH_USER_PATHS = NO;
				ASSETCATALOG_COMPILER_GENERATE_SWIFT_ASSET_SYMBOL_EXTENSIONS = YES;
				CLANG_ANALYZER_NONNULL = YES;
				CLANG_ANALYZER_NUMBER_OBJECT_CONVERSION = YES_AGGRESSIVE;
				CLANG_CXX_LANGUAGE_STANDARD = "gnu++20";
				CLANG_ENABLE_MODULES = YES;
				CLANG_ENABLE_OBJC_ARC = YES;
				CLANG_ENABLE_OBJC_WEAK = YES;
				CLANG_WARN_BLOCK_CAPTURE_AUTORELEASING = YES;
				CLANG_WARN_BOOL_CONVERSION = YES;
				CLANG_WARN_COMMA = YES;
				CLANG_WARN_CONSTANT_CONVERSION = YES;
				CLANG_WARN_DEPRECATED_OBJC_IMPLEMENTATIONS = YES;
				CLANG_WARN_DIRECT_OBJC_ISA_USAGE = YES_ERROR;
				CLANG_WARN_DOCUMENTATION_COMMENTS = YES;
				CLANG_WARN_EMPTY_BODY = YES;
				CLANG_WARN_ENUM_CONVERSION = YES;
				CLANG_WARN_INFINITE_RECURSION = YES;
				CLANG_WARN_INT_CONVERSION = YES;
				CLANG_WARN_NON_LITERAL_NULL_CONVERSION = YES;
				CLANG_WARN_OBJC_IMPLICIT_RETAIN_SELF = YES;
				CLANG_WARN_OBJC_LITERAL_CONVERSION = YES;
				CLANG_WARN_OBJC_ROOT_CLASS = YES_ERROR;
				CLANG_WARN_QUOTED_INCLUDE_IN_FRAMEWORK_HEADER = YES;
				CLANG_WARN_RANGE_LOOP_ANALYSIS = YES;
				CLANG_WARN_STRICT_PROTOTYPES = YES;
				CLANG_WARN_SUSPICIOUS_MOVE = YES;
				CLANG_WARN_UNGUARDED_AVAILABILITY = YES_AGGRESSIVE;
				CLANG_WARN_UNREACHABLE_CODE = YES;
				CLANG_WARN__DUPLICATE_METHOD_MATCH = YES;
				COPY_PHASE_STRIP = NO;
				DEBUG_INFORMATION_FORMAT = "dwarf-with-dsym";
				ENABLE_NS_ASSERTIONS = NO;
				ENABLE_STRICT_OBJC_MSGSEND = YES;
				ENABLE_USER_SCRIPT_SANDBOXING = YES;
				GCC_C_LANGUAGE_STANDARD = gnu17;
				GCC_NO_COMMON_BLOCKS = YES;
				GCC_WARN_64_TO_32_BIT_CONVERSION = YES;
				GCC_WARN_ABOUT_RETURN_TYPE = YES_ERROR;
				GCC_WARN_UNDECLARED_SELECTOR = YES;
				GCC_WARN_UNINITIALIZED_AUTOS = YES_AGGRESSIVE;
				GCC_WARN_UNUSED_FUNCTION = YES;
				GCC_WARN_UNUSED_VARIABLE = YES;
				LOCALIZATION_PREFERS_STRING_CATALOGS = YES;
				MACOSX_DEPLOYMENT_TARGET = 14.5;
				MTL_ENABLE_DEBUG_INFO = NO;
				MTL_FAST_MATH = YES;
				SDKROOT = macosx;
				SWIFT_COMPILATION_MODE = wholemodule;
			};
			name = Release;
		};
		9DDE07F82DA578520022E5F2 /* Debug */ = {
			isa = XCBuildConfiguration;
			buildSettings = {
				CODE_SIGN_STYLE = Automatic;
				DEVELOPMENT_TEAM = XHRN62S9RK;
				ENABLE_HARDENED_RUNTIME = YES;
				PRODUCT_NAME = "$(TARGET_NAME)";
				SWIFT_VERSION = 5.0;
			};
			name = Debug;
		};
		9DDE07F92DA578520022E5F2 /* Release */ = {
			isa = XCBuildConfiguration;
			buildSettings = {
				CODE_SIGN_STYLE = Automatic;
				DEVELOPMENT_TEAM = XHRN62S9RK;
				ENABLE_HARDENED_RUNTIME = YES;
				PRODUCT_NAME = "$(TARGET_NAME)";
				SWIFT_VERSION = 5.0;
			};
			name = Release;
		};
		9DDE08582DA62E830022E5F2 /* Debug */ = {
			isa = XCBuildConfiguration;
			buildSettings = {
				CODE_SIGN_STYLE = Automatic;
				DEVELOPMENT_TEAM = XHRN62S9RK;
				ENABLE_HARDENED_RUNTIME = YES;
				PRODUCT_NAME = "$(TARGET_NAME)";
				SWIFT_VERSION = 5.0;
			};
			name = Debug;
		};
		9DDE08592DA62E830022E5F2 /* Release */ = {
			isa = XCBuildConfiguration;
			buildSettings = {
				CODE_SIGN_STYLE = Automatic;
				DEVELOPMENT_TEAM = XHRN62S9RK;
				ENABLE_HARDENED_RUNTIME = YES;
				PRODUCT_NAME = "$(TARGET_NAME)";
				SWIFT_VERSION = 5.0;
			};
			name = Release;
		};
		9DDE08852DA652750022E5F2 /* Debug */ = {
			isa = XCBuildConfiguration;
			buildSettings = {
				CODE_SIGN_STYLE = Automatic;
				DEVELOPMENT_TEAM = XHRN62S9RK;
				ENABLE_HARDENED_RUNTIME = YES;
				PRODUCT_NAME = "$(TARGET_NAME)";
				SWIFT_VERSION = 5.0;
			};
			name = Debug;
		};
		9DDE08862DA652750022E5F2 /* Release */ = {
			isa = XCBuildConfiguration;
			buildSettings = {
				CODE_SIGN_STYLE = Automatic;
				DEVELOPMENT_TEAM = XHRN62S9RK;
				ENABLE_HARDENED_RUNTIME = YES;
				PRODUCT_NAME = "$(TARGET_NAME)";
				SWIFT_VERSION = 5.0;
			};
			name = Release;
		};
		9DDE08EF2DA77B7E0022E5F2 /* Debug */ = {
			isa = XCBuildConfiguration;
			buildSettings = {
				CODE_SIGN_STYLE = Automatic;
				DEVELOPMENT_TEAM = XHRN62S9RK;
				ENABLE_HARDENED_RUNTIME = YES;
				PRODUCT_NAME = "$(TARGET_NAME)";
				SWIFT_VERSION = 5.0;
			};
			name = Debug;
		};
		9DDE08F02DA77B7E0022E5F2 /* Release */ = {
			isa = XCBuildConfiguration;
			buildSettings = {
				CODE_SIGN_STYLE = Automatic;
				DEVELOPMENT_TEAM = XHRN62S9RK;
				ENABLE_HARDENED_RUNTIME = YES;
				PRODUCT_NAME = "$(TARGET_NAME)";
				SWIFT_VERSION = 5.0;
			};
			name = Release;
		};
		9DDE09362DA790FF0022E5F2 /* Debug */ = {
			isa = XCBuildConfiguration;
			buildSettings = {
				CODE_SIGN_STYLE = Automatic;
				DEVELOPMENT_TEAM = XHRN62S9RK;
				ENABLE_HARDENED_RUNTIME = YES;
				PRODUCT_NAME = "$(TARGET_NAME)";
				SWIFT_VERSION = 5.0;
			};
			name = Debug;
		};
		9DDE09372DA790FF0022E5F2 /* Release */ = {
			isa = XCBuildConfiguration;
			buildSettings = {
				CODE_SIGN_STYLE = Automatic;
				DEVELOPMENT_TEAM = XHRN62S9RK;
				ENABLE_HARDENED_RUNTIME = YES;
				PRODUCT_NAME = "$(TARGET_NAME)";
				SWIFT_VERSION = 5.0;
			};
			name = Release;
		};
		9DE47E0A2DBC9DD3000F61BD /* Debug */ = {
			isa = XCBuildConfiguration;
			buildSettings = {
				CODE_SIGN_STYLE = Automatic;
				DEVELOPMENT_TEAM = XHRN62S9RK;
				ENABLE_HARDENED_RUNTIME = YES;
				PRODUCT_NAME = "$(TARGET_NAME)";
				SWIFT_VERSION = 5.0;
			};
			name = Debug;
		};
		9DE47E0B2DBC9DD3000F61BD /* Release */ = {
			isa = XCBuildConfiguration;
			buildSettings = {
				CODE_SIGN_STYLE = Automatic;
				DEVELOPMENT_TEAM = XHRN62S9RK;
				ENABLE_HARDENED_RUNTIME = YES;
				PRODUCT_NAME = "$(TARGET_NAME)";
				SWIFT_VERSION = 5.0;
			};
			name = Release;
		};
		9DE47E392DBCBC20000F61BD /* Debug */ = {
			isa = XCBuildConfiguration;
			buildSettings = {
				ASSETCATALOG_COMPILER_APPICON_NAME = AppIcon;
				ASSETCATALOG_COMPILER_GLOBAL_ACCENT_COLOR_NAME = AccentColor;
				CODE_SIGN_STYLE = Automatic;
				CURRENT_PROJECT_VERSION = 1;
				DEVELOPMENT_ASSET_PATHS = "\"Memento/Preview Content\"";
				DEVELOPMENT_TEAM = XHRN62S9RK;
				ENABLE_PREVIEWS = YES;
				GENERATE_INFOPLIST_FILE = YES;
				INFOPLIST_KEY_UIApplicationSceneManifest_Generation = YES;
				INFOPLIST_KEY_UIApplicationSupportsIndirectInputEvents = YES;
				INFOPLIST_KEY_UILaunchScreen_Generation = YES;
				INFOPLIST_KEY_UISupportedInterfaceOrientations_iPad = "UIInterfaceOrientationPortrait UIInterfaceOrientationPortraitUpsideDown UIInterfaceOrientationLandscapeLeft UIInterfaceOrientationLandscapeRight";
				INFOPLIST_KEY_UISupportedInterfaceOrientations_iPhone = "UIInterfaceOrientationPortrait UIInterfaceOrientationLandscapeLeft UIInterfaceOrientationLandscapeRight";
				IPHONEOS_DEPLOYMENT_TARGET = 18.2;
				LD_RUNPATH_SEARCH_PATHS = (
					"$(inherited)",
					"@executable_path/Frameworks",
				);
				MARKETING_VERSION = 1.0;
				PRODUCT_BUNDLE_IDENTIFIER = com.choijunyeong.Memento;
				PRODUCT_NAME = "$(TARGET_NAME)";
				SDKROOT = iphoneos;
				SWIFT_EMIT_LOC_STRINGS = YES;
				SWIFT_VERSION = 5.0;
				TARGETED_DEVICE_FAMILY = "1,2";
			};
			name = Debug;
		};
		9DE47E3A2DBCBC20000F61BD /* Release */ = {
			isa = XCBuildConfiguration;
			buildSettings = {
				ASSETCATALOG_COMPILER_APPICON_NAME = AppIcon;
				ASSETCATALOG_COMPILER_GLOBAL_ACCENT_COLOR_NAME = AccentColor;
				CODE_SIGN_STYLE = Automatic;
				CURRENT_PROJECT_VERSION = 1;
				DEVELOPMENT_ASSET_PATHS = "\"Memento/Preview Content\"";
				DEVELOPMENT_TEAM = XHRN62S9RK;
				ENABLE_PREVIEWS = YES;
				GENERATE_INFOPLIST_FILE = YES;
				INFOPLIST_KEY_UIApplicationSceneManifest_Generation = YES;
				INFOPLIST_KEY_UIApplicationSupportsIndirectInputEvents = YES;
				INFOPLIST_KEY_UILaunchScreen_Generation = YES;
				INFOPLIST_KEY_UISupportedInterfaceOrientations_iPad = "UIInterfaceOrientationPortrait UIInterfaceOrientationPortraitUpsideDown UIInterfaceOrientationLandscapeLeft UIInterfaceOrientationLandscapeRight";
				INFOPLIST_KEY_UISupportedInterfaceOrientations_iPhone = "UIInterfaceOrientationPortrait UIInterfaceOrientationLandscapeLeft UIInterfaceOrientationLandscapeRight";
				IPHONEOS_DEPLOYMENT_TARGET = 18.2;
				LD_RUNPATH_SEARCH_PATHS = (
					"$(inherited)",
					"@executable_path/Frameworks",
				);
				MARKETING_VERSION = 1.0;
				PRODUCT_BUNDLE_IDENTIFIER = com.choijunyeong.Memento;
				PRODUCT_NAME = "$(TARGET_NAME)";
				SDKROOT = iphoneos;
				SWIFT_EMIT_LOC_STRINGS = YES;
				SWIFT_VERSION = 5.0;
				TARGETED_DEVICE_FAMILY = "1,2";
				VALIDATE_PRODUCT = YES;
			};
			name = Release;
		};
		9DE47F432DBF66C6000F61BD /* Debug */ = {
			isa = XCBuildConfiguration;
			buildSettings = {
				CODE_SIGN_STYLE = Automatic;
				DEVELOPMENT_TEAM = XHRN62S9RK;
				ENABLE_HARDENED_RUNTIME = YES;
				PRODUCT_NAME = "$(TARGET_NAME)";
				SWIFT_VERSION = 5.0;
			};
			name = Debug;
		};
		9DE47F442DBF66C6000F61BD /* Release */ = {
			isa = XCBuildConfiguration;
			buildSettings = {
				CODE_SIGN_STYLE = Automatic;
				DEVELOPMENT_TEAM = XHRN62S9RK;
				ENABLE_HARDENED_RUNTIME = YES;
				PRODUCT_NAME = "$(TARGET_NAME)";
				SWIFT_VERSION = 5.0;
			};
			name = Release;
		};
		9DE47FCC2DC1D8ED000F61BD /* Debug */ = {
			isa = XCBuildConfiguration;
			buildSettings = {
				CODE_SIGN_STYLE = Automatic;
				DEVELOPMENT_TEAM = XHRN62S9RK;
				ENABLE_HARDENED_RUNTIME = YES;
				PRODUCT_NAME = "$(TARGET_NAME)";
				SWIFT_VERSION = 5.0;
			};
			name = Debug;
		};
		9DE47FCD2DC1D8ED000F61BD /* Release */ = {
			isa = XCBuildConfiguration;
			buildSettings = {
				CODE_SIGN_STYLE = Automatic;
				DEVELOPMENT_TEAM = XHRN62S9RK;
				ENABLE_HARDENED_RUNTIME = YES;
				PRODUCT_NAME = "$(TARGET_NAME)";
				SWIFT_VERSION = 5.0;
			};
			name = Release;
		};
		9DE4805A2DC1E50C000F61BD /* Debug */ = {
			isa = XCBuildConfiguration;
			buildSettings = {
				CODE_SIGN_STYLE = Automatic;
				DEVELOPMENT_TEAM = XHRN62S9RK;
				ENABLE_HARDENED_RUNTIME = YES;
				PRODUCT_NAME = "$(TARGET_NAME)";
				SWIFT_VERSION = 5.0;
			};
			name = Debug;
		};
		9DE4805B2DC1E50C000F61BD /* Release */ = {
			isa = XCBuildConfiguration;
			buildSettings = {
				CODE_SIGN_STYLE = Automatic;
				DEVELOPMENT_TEAM = XHRN62S9RK;
				ENABLE_HARDENED_RUNTIME = YES;
				PRODUCT_NAME = "$(TARGET_NAME)";
				SWIFT_VERSION = 5.0;
			};
			name = Release;
		};
		9DE480EB2DC320D7000F61BD /* Debug */ = {
			isa = XCBuildConfiguration;
			buildSettings = {
				CODE_SIGN_STYLE = Automatic;
				DEVELOPMENT_TEAM = XHRN62S9RK;
				ENABLE_HARDENED_RUNTIME = YES;
				PRODUCT_NAME = "$(TARGET_NAME)";
				SWIFT_VERSION = 5.0;
			};
			name = Debug;
		};
		9DE480EC2DC320D7000F61BD /* Release */ = {
			isa = XCBuildConfiguration;
			buildSettings = {
				CODE_SIGN_STYLE = Automatic;
				DEVELOPMENT_TEAM = XHRN62S9RK;
				ENABLE_HARDENED_RUNTIME = YES;
				PRODUCT_NAME = "$(TARGET_NAME)";
				SWIFT_VERSION = 5.0;
			};
			name = Release;
		};
/* End XCBuildConfiguration section */

/* Begin XCConfigurationList section */
		9D1A82112DABCB02009F4888 /* Build configuration list for PBXNativeTarget "Adapter" */ = {
			isa = XCConfigurationList;
			buildConfigurations = (
				9D1A820F2DABCB02009F4888 /* Debug */,
				9D1A82102DABCB02009F4888 /* Release */,
			);
			defaultConfigurationIsVisible = 0;
			defaultConfigurationName = Release;
		};
		9D1A826D2DACCD8B009F4888 /* Build configuration list for PBXNativeTarget "Bridge" */ = {
			isa = XCConfigurationList;
			buildConfigurations = (
				9D1A826B2DACCD8B009F4888 /* Debug */,
				9D1A826C2DACCD8B009F4888 /* Release */,
			);
			defaultConfigurationIsVisible = 0;
			defaultConfigurationName = Release;
		};
		9D1A82BD2DACFE2C009F4888 /* Build configuration list for PBXNativeTarget "Composite" */ = {
			isa = XCConfigurationList;
			buildConfigurations = (
				9D1A82BB2DACFE2C009F4888 /* Debug */,
				9D1A82BC2DACFE2C009F4888 /* Release */,
			);
			defaultConfigurationIsVisible = 0;
			defaultConfigurationName = Release;
		};
		9D45A1992DB8A14E003D265C /* Build configuration list for PBXNativeTarget "Proxy" */ = {
			isa = XCConfigurationList;
			buildConfigurations = (
				9D45A1972DB8A14E003D265C /* Debug */,
				9D45A1982DB8A14E003D265C /* Release */,
			);
			defaultConfigurationIsVisible = 0;
			defaultConfigurationName = Release;
		};
		9D45A1FC2DB8D206003D265C /* Build configuration list for PBXNativeTarget "COR" */ = {
			isa = XCConfigurationList;
			buildConfigurations = (
				9D45A1FA2DB8D206003D265C /* Debug */,
				9D45A1FB2DB8D206003D265C /* Release */,
			);
			defaultConfigurationIsVisible = 0;
			defaultConfigurationName = Release;
		};
		9D45A25D2DB9FB12003D265C /* Build configuration list for PBXNativeTarget "Command" */ = {
			isa = XCConfigurationList;
			buildConfigurations = (
				9D45A25B2DB9FB12003D265C /* Debug */,
				9D45A25C2DB9FB12003D265C /* Release */,
			);
			defaultConfigurationIsVisible = 0;
			defaultConfigurationName = Release;
		};
		9D4D7CBE2DBB80F90008CF81 /* Build configuration list for PBXNativeTarget "Iterator" */ = {
			isa = XCConfigurationList;
			buildConfigurations = (
				9D4D7CBC2DBB80F90008CF81 /* Debug */,
				9D4D7CBD2DBB80F90008CF81 /* Release */,
			);
			defaultConfigurationIsVisible = 0;
			defaultConfigurationName = Release;
		};
		9D99D18E2DAE3EF000165858 /* Build configuration list for PBXNativeTarget "Decorator" */ = {
			isa = XCConfigurationList;
			buildConfigurations = (
				9D99D18C2DAE3EF000165858 /* Debug */,
				9D99D18D2DAE3EF000165858 /* Release */,
			);
			defaultConfigurationIsVisible = 0;
			defaultConfigurationName = Release;
		};
		9D99D1FD2DAFAD8B00165858 /* Build configuration list for PBXNativeTarget "Flyweight" */ = {
			isa = XCConfigurationList;
			buildConfigurations = (
				9D99D1FB2DAFAD8B00165858 /* Debug */,
				9D99D1FC2DAFAD8B00165858 /* Release */,
			);
			defaultConfigurationIsVisible = 0;
			defaultConfigurationName = Release;
		};
		9DDE07BA2DA569DF0022E5F2 /* Build configuration list for PBXProject "DSPs" */ = {
			isa = XCConfigurationList;
			buildConfigurations = (
				9DDE07C42DA569DF0022E5F2 /* Debug */,
				9DDE07C52DA569DF0022E5F2 /* Release */,
			);
			defaultConfigurationIsVisible = 0;
			defaultConfigurationName = Release;
		};
		9DDE07F72DA578520022E5F2 /* Build configuration list for PBXNativeTarget "AbstractFactory" */ = {
			isa = XCConfigurationList;
			buildConfigurations = (
				9DDE07F82DA578520022E5F2 /* Debug */,
				9DDE07F92DA578520022E5F2 /* Release */,
			);
			defaultConfigurationIsVisible = 0;
			defaultConfigurationName = Release;
		};
		9DDE085A2DA62E830022E5F2 /* Build configuration list for PBXNativeTarget "Builder" */ = {
			isa = XCConfigurationList;
			buildConfigurations = (
				9DDE08582DA62E830022E5F2 /* Debug */,
				9DDE08592DA62E830022E5F2 /* Release */,
			);
			defaultConfigurationIsVisible = 0;
			defaultConfigurationName = Release;
		};
		9DDE08872DA652750022E5F2 /* Build configuration list for PBXNativeTarget "FactoryMethod" */ = {
			isa = XCConfigurationList;
			buildConfigurations = (
				9DDE08852DA652750022E5F2 /* Debug */,
				9DDE08862DA652750022E5F2 /* Release */,
			);
			defaultConfigurationIsVisible = 0;
			defaultConfigurationName = Release;
		};
		9DDE08F12DA77B7E0022E5F2 /* Build configuration list for PBXNativeTarget "Prototype" */ = {
			isa = XCConfigurationList;
			buildConfigurations = (
				9DDE08EF2DA77B7E0022E5F2 /* Debug */,
				9DDE08F02DA77B7E0022E5F2 /* Release */,
			);
			defaultConfigurationIsVisible = 0;
			defaultConfigurationName = Release;
		};
		9DDE09382DA790FF0022E5F2 /* Build configuration list for PBXNativeTarget "Singleton" */ = {
			isa = XCConfigurationList;
			buildConfigurations = (
				9DDE09362DA790FF0022E5F2 /* Debug */,
				9DDE09372DA790FF0022E5F2 /* Release */,
			);
			defaultConfigurationIsVisible = 0;
			defaultConfigurationName = Release;
		};
		9DE47E0C2DBC9DD3000F61BD /* Build configuration list for PBXNativeTarget "Mediator" */ = {
			isa = XCConfigurationList;
			buildConfigurations = (
				9DE47E0A2DBC9DD3000F61BD /* Debug */,
				9DE47E0B2DBC9DD3000F61BD /* Release */,
			);
			defaultConfigurationIsVisible = 0;
			defaultConfigurationName = Release;
		};
		9DE47E382DBCBC20000F61BD /* Build configuration list for PBXNativeTarget "Memento" */ = {
			isa = XCConfigurationList;
			buildConfigurations = (
				9DE47E392DBCBC20000F61BD /* Debug */,
				9DE47E3A2DBCBC20000F61BD /* Release */,
			);
			defaultConfigurationIsVisible = 0;
			defaultConfigurationName = Release;
		};
		9DE47F452DBF66C6000F61BD /* Build configuration list for PBXNativeTarget "State" */ = {
			isa = XCConfigurationList;
			buildConfigurations = (
				9DE47F432DBF66C6000F61BD /* Debug */,
				9DE47F442DBF66C6000F61BD /* Release */,
			);
			defaultConfigurationIsVisible = 0;
			defaultConfigurationName = Release;
		};
		9DE47FCE2DC1D8ED000F61BD /* Build configuration list for PBXNativeTarget "Strategy" */ = {
			isa = XCConfigurationList;
			buildConfigurations = (
				9DE47FCC2DC1D8ED000F61BD /* Debug */,
				9DE47FCD2DC1D8ED000F61BD /* Release */,
			);
			defaultConfigurationIsVisible = 0;
			defaultConfigurationName = Release;
		};
		9DE4805C2DC1E50C000F61BD /* Build configuration list for PBXNativeTarget "TemplateMethod" */ = {
			isa = XCConfigurationList;
			buildConfigurations = (
				9DE4805A2DC1E50C000F61BD /* Debug */,
				9DE4805B2DC1E50C000F61BD /* Release */,
			);
			defaultConfigurationIsVisible = 0;
			defaultConfigurationName = Release;
		};
		9DE480ED2DC320D7000F61BD /* Build configuration list for PBXNativeTarget "Visitor" */ = {
			isa = XCConfigurationList;
			buildConfigurations = (
				9DE480EB2DC320D7000F61BD /* Debug */,
				9DE480EC2DC320D7000F61BD /* Release */,
			);
			defaultConfigurationIsVisible = 0;
			defaultConfigurationName = Release;
		};
/* End XCConfigurationList section */
	};
	rootObject = 9DDE07B72DA569DF0022E5F2 /* Project object */;
}
